// !$*UTF8*$!
{
	archiveVersion = 1;
	classes = {
	};
	objectVersion = 56;
	objects = {

/* Begin PBXBuildFile section */
		061C90E62A13890900A8078C /* LoginViewModel.swift in Sources */ = {isa = PBXBuildFile; fileRef = 061C90E52A13890900A8078C /* LoginViewModel.swift */; };
		0624BE212A24DA8D000F04E9 /* TabBarCoordinator.swift in Sources */ = {isa = PBXBuildFile; fileRef = 0624BE202A24DA8D000F04E9 /* TabBarCoordinator.swift */; };
		0624BE232A24DCFA000F04E9 /* NewsCoordinator.swift in Sources */ = {isa = PBXBuildFile; fileRef = 0624BE222A24DCFA000F04E9 /* NewsCoordinator.swift */; };
		0624BE252A24DE5B000F04E9 /* GamesCoordinator.swift in Sources */ = {isa = PBXBuildFile; fileRef = 0624BE242A24DE5B000F04E9 /* GamesCoordinator.swift */; };
		0624BE272A24DE8E000F04E9 /* ProfileCoordinator.swift in Sources */ = {isa = PBXBuildFile; fileRef = 0624BE262A24DE8E000F04E9 /* ProfileCoordinator.swift */; };
		0633A62C2A18E07900A027E5 /* GamesViewModel.swift in Sources */ = {isa = PBXBuildFile; fileRef = 0633A62B2A18E07900A027E5 /* GamesViewModel.swift */; };
		0633A62F2A18E4EA00A027E5 /* SportsCollectionViewCell.swift in Sources */ = {isa = PBXBuildFile; fileRef = 0633A62E2A18E4EA00A027E5 /* SportsCollectionViewCell.swift */; };
		0633A6322A18E73C00A027E5 /* Sport.swift in Sources */ = {isa = PBXBuildFile; fileRef = 0633A6312A18E73C00A027E5 /* Sport.swift */; };
		0633A6342A18F17900A027E5 /* Extension + UICollectionView.swift in Sources */ = {isa = PBXBuildFile; fileRef = 0633A6332A18F17900A027E5 /* Extension + UICollectionView.swift */; };
		0633A6372A190B2700A027E5 /* SportsNetworkManager.swift in Sources */ = {isa = PBXBuildFile; fileRef = 0633A6362A190B2700A027E5 /* SportsNetworkManager.swift */; };
		0635A5BB2A13D05C003CBE55 /* GamesViewController.swift in Sources */ = {isa = PBXBuildFile; fileRef = 0635A5BA2A13D05C003CBE55 /* GamesViewController.swift */; };
		0635A5BD2A13D06C003CBE55 /* ProfileViewController.swift in Sources */ = {isa = PBXBuildFile; fileRef = 0635A5BC2A13D06C003CBE55 /* ProfileViewController.swift */; };
		0635A5BF2A13D124003CBE55 /* TabBarViewController.swift in Sources */ = {isa = PBXBuildFile; fileRef = 0635A5BE2A13D124003CBE55 /* TabBarViewController.swift */; };
		0636172A2A2610DC00D30F55 /* DetailNewsViewController.swift in Sources */ = {isa = PBXBuildFile; fileRef = 063617292A2610DC00D30F55 /* DetailNewsViewController.swift */; };
		063DBC7C2A165A5A00406059 /* Extension + String.swift in Sources */ = {isa = PBXBuildFile; fileRef = 063DBC7B2A165A5A00406059 /* Extension + String.swift */; };
		06506B8D2A1CEBF500E88FA0 /* MainBaseball.swift in Sources */ = {isa = PBXBuildFile; fileRef = 06506B8C2A1CEBF500E88FA0 /* MainBaseball.swift */; };
		06506B8F2A1CECD600E88FA0 /* BaseballParameters.swift in Sources */ = {isa = PBXBuildFile; fileRef = 06506B8E2A1CECD600E88FA0 /* BaseballParameters.swift */; };
		06506B912A1CED1800E88FA0 /* BaseballResponse.swift in Sources */ = {isa = PBXBuildFile; fileRef = 06506B902A1CED1800E88FA0 /* BaseballResponse.swift */; };
		06506B952A1CED5F00E88FA0 /* BaseballLeague.swift in Sources */ = {isa = PBXBuildFile; fileRef = 06506B942A1CED5F00E88FA0 /* BaseballLeague.swift */; };
		06506B972A1CED8100E88FA0 /* Scores.swift in Sources */ = {isa = PBXBuildFile; fileRef = 06506B962A1CED8100E88FA0 /* Scores.swift */; };
		06506B9B2A1CEDDB00E88FA0 /* BasebalTeams.swift in Sources */ = {isa = PBXBuildFile; fileRef = 06506B9A2A1CEDDB00E88FA0 /* BasebalTeams.swift */; };
		0675BDDB2A1A8BCC00985D3E /* GamesTableViewCell.swift in Sources */ = {isa = PBXBuildFile; fileRef = 0675BDDA2A1A8BCC00985D3E /* GamesTableViewCell.swift */; };
		068DD22F2A0F9FE60000913B /* EyeButton.swift in Sources */ = {isa = PBXBuildFile; fileRef = 068DD22E2A0F9FE60000913B /* EyeButton.swift */; };
		068DD2352A0FCF8F0000913B /* CustomActionButton.swift in Sources */ = {isa = PBXBuildFile; fileRef = 068DD2342A0FCF8F0000913B /* CustomActionButton.swift */; };
		068DD2372A0FD8190000913B /* CustomSocialsButton.swift in Sources */ = {isa = PBXBuildFile; fileRef = 068DD2362A0FD8190000913B /* CustomSocialsButton.swift */; };
		068FFD932A1BA1D700E764D8 /* MainFootball.swift in Sources */ = {isa = PBXBuildFile; fileRef = 068FFD812A1BA1D600E764D8 /* MainFootball.swift */; };
		068FFD942A1BA1D700E764D8 /* Goals.swift in Sources */ = {isa = PBXBuildFile; fileRef = 068FFD822A1BA1D600E764D8 /* Goals.swift */; };
		068FFD952A1BA1D700E764D8 /* Penalty.swift in Sources */ = {isa = PBXBuildFile; fileRef = 068FFD832A1BA1D600E764D8 /* Penalty.swift */; };
		068FFD962A1BA1D700E764D8 /* Fulltime.swift in Sources */ = {isa = PBXBuildFile; fileRef = 068FFD842A1BA1D600E764D8 /* Fulltime.swift */; };
		068FFD972A1BA1D700E764D8 /* FootbalHome.swift in Sources */ = {isa = PBXBuildFile; fileRef = 068FFD852A1BA1D600E764D8 /* FootbalHome.swift */; };
		068FFD982A1BA1D700E764D8 /* Periods.swift in Sources */ = {isa = PBXBuildFile; fileRef = 068FFD862A1BA1D600E764D8 /* Periods.swift */; };
		068FFD992A1BA1D700E764D8 /* FootballResponse.swift in Sources */ = {isa = PBXBuildFile; fileRef = 068FFD872A1BA1D600E764D8 /* FootballResponse.swift */; };
		068FFD9A2A1BA1D700E764D8 /* FotballFixture.swift in Sources */ = {isa = PBXBuildFile; fileRef = 068FFD882A1BA1D600E764D8 /* FotballFixture.swift */; };
		068FFD9B2A1BA1D700E764D8 /* Extratime.swift in Sources */ = {isa = PBXBuildFile; fileRef = 068FFD892A1BA1D600E764D8 /* Extratime.swift */; };
		068FFD9C2A1BA1D700E764D8 /* FootballTeams.swift in Sources */ = {isa = PBXBuildFile; fileRef = 068FFD8A2A1BA1D600E764D8 /* FootballTeams.swift */; };
		068FFD9D2A1BA1D700E764D8 /* Venue.swift in Sources */ = {isa = PBXBuildFile; fileRef = 068FFD8B2A1BA1D600E764D8 /* Venue.swift */; };
		068FFD9E2A1BA1D700E764D8 /* FootballAway.swift in Sources */ = {isa = PBXBuildFile; fileRef = 068FFD8C2A1BA1D600E764D8 /* FootballAway.swift */; };
		068FFD9F2A1BA1D700E764D8 /* Halftime.swift in Sources */ = {isa = PBXBuildFile; fileRef = 068FFD8D2A1BA1D600E764D8 /* Halftime.swift */; };
		068FFDA02A1BA1D700E764D8 /* FotballLeague.swift in Sources */ = {isa = PBXBuildFile; fileRef = 068FFD8E2A1BA1D700E764D8 /* FotballLeague.swift */; };
		068FFDA12A1BA1D700E764D8 /* FotballStatus.swift in Sources */ = {isa = PBXBuildFile; fileRef = 068FFD8F2A1BA1D700E764D8 /* FotballStatus.swift */; };
		068FFDA22A1BA1D700E764D8 /* Score.swift in Sources */ = {isa = PBXBuildFile; fileRef = 068FFD902A1BA1D700E764D8 /* Score.swift */; };
		068FFDA32A1BA1D700E764D8 /* Paging.swift in Sources */ = {isa = PBXBuildFile; fileRef = 068FFD912A1BA1D700E764D8 /* Paging.swift */; };
		068FFDA42A1BA1D700E764D8 /* Parameters.swift in Sources */ = {isa = PBXBuildFile; fileRef = 068FFD922A1BA1D700E764D8 /* Parameters.swift */; };
		06982BB62A0D0E22007284BC /* LoginViewController.swift in Sources */ = {isa = PBXBuildFile; fileRef = 06982BB52A0D0E22007284BC /* LoginViewController.swift */; };
		06982BBB2A0D0E6A007284BC /* RegistryViewController.swift in Sources */ = {isa = PBXBuildFile; fileRef = 06982BBA2A0D0E6A007284BC /* RegistryViewController.swift */; };
		06982BBE2A0D0EB6007284BC /* Router.swift in Sources */ = {isa = PBXBuildFile; fileRef = 06982BBD2A0D0EB6007284BC /* Router.swift */; };
		06982BC02A0D0EEC007284BC /* MainRouter.swift in Sources */ = {isa = PBXBuildFile; fileRef = 06982BBF2A0D0EEC007284BC /* MainRouter.swift */; };
		06982BC22A0D0F41007284BC /* ForgotPasswordViewController.swift in Sources */ = {isa = PBXBuildFile; fileRef = 06982BC12A0D0F41007284BC /* ForgotPasswordViewController.swift */; };
		06982BC52A0D1682007284BC /* CustomTextField.swift in Sources */ = {isa = PBXBuildFile; fileRef = 06982BC42A0D1682007284BC /* CustomTextField.swift */; };
		06982BC72A0D1EDB007284BC /* Extension + UIColor.swift in Sources */ = {isa = PBXBuildFile; fileRef = 06982BC62A0D1EDB007284BC /* Extension + UIColor.swift */; };
		06A6B4542A150BD600CFFB33 /* News.swift in Sources */ = {isa = PBXBuildFile; fileRef = 06A6B4532A150BD600CFFB33 /* News.swift */; };
		06A6B45A2A150C8400CFFB33 /* NewsSource.swift in Sources */ = {isa = PBXBuildFile; fileRef = 06A6B4592A150C8400CFFB33 /* NewsSource.swift */; };
		06A6B45E2A150F0500CFFB33 /* NewsNetworkManager.swift in Sources */ = {isa = PBXBuildFile; fileRef = 06A6B45D2A150F0500CFFB33 /* NewsNetworkManager.swift */; };
		06A6B4602A15146900CFFB33 /* NewsArticle.swift in Sources */ = {isa = PBXBuildFile; fileRef = 06A6B45F2A15146900CFFB33 /* NewsArticle.swift */; };
		06A6B4622A1515C800CFFB33 /* NewsViewModel.swift in Sources */ = {isa = PBXBuildFile; fileRef = 06A6B4612A1515C800CFFB33 /* NewsViewModel.swift */; };
		06A6B4652A15193300CFFB33 /* NewsTableViewCell.swift in Sources */ = {isa = PBXBuildFile; fileRef = 06A6B4642A15193300CFFB33 /* NewsTableViewCell.swift */; };
		06A6B4682A151C4400CFFB33 /* SDWebImage in Frameworks */ = {isa = PBXBuildFile; productRef = 06A6B4672A151C4400CFFB33 /* SDWebImage */; };
		06B07CF02A1E6CDC009EAA21 /* MainBasketball.swift in Sources */ = {isa = PBXBuildFile; fileRef = 06B07CEF2A1E6CDC009EAA21 /* MainBasketball.swift */; };
		06B07CF22A1E6E24009EAA21 /* BasketballParameters.swift in Sources */ = {isa = PBXBuildFile; fileRef = 06B07CF12A1E6E24009EAA21 /* BasketballParameters.swift */; };
		06B07CF42A1E6E34009EAA21 /* BasketballResponse.swift in Sources */ = {isa = PBXBuildFile; fileRef = 06B07CF32A1E6E34009EAA21 /* BasketballResponse.swift */; };
		06B07CF62A1E6E46009EAA21 /* BasketballCountry.swift in Sources */ = {isa = PBXBuildFile; fileRef = 06B07CF52A1E6E46009EAA21 /* BasketballCountry.swift */; };
		06B07CF82A1E6E5A009EAA21 /* BasketballLeague.swift in Sources */ = {isa = PBXBuildFile; fileRef = 06B07CF72A1E6E5A009EAA21 /* BasketballLeague.swift */; };
		06B07CFA2A1E6E6E009EAA21 /* BasketballScores.swift in Sources */ = {isa = PBXBuildFile; fileRef = 06B07CF92A1E6E6E009EAA21 /* BasketballScores.swift */; };
		06B07CFC2A1E6E96009EAA21 /* BasketballTeams.swift in Sources */ = {isa = PBXBuildFile; fileRef = 06B07CFB2A1E6E96009EAA21 /* BasketballTeams.swift */; };
		06B07CFE2A1E6EC8009EAA21 /* MainHandball.swift in Sources */ = {isa = PBXBuildFile; fileRef = 06B07CFD2A1E6EC8009EAA21 /* MainHandball.swift */; };
		06B07D012A1E72D5009EAA21 /* MainHockey.swift in Sources */ = {isa = PBXBuildFile; fileRef = 06B07D002A1E72D5009EAA21 /* MainHockey.swift */; };
		06B07D042A1E7878009EAA21 /* MainVolleyball.swift in Sources */ = {isa = PBXBuildFile; fileRef = 06B07D032A1E7878009EAA21 /* MainVolleyball.swift */; };
		06BE2BF12A0C4C550003C875 /* AppDelegate.swift in Sources */ = {isa = PBXBuildFile; fileRef = 06BE2BF02A0C4C550003C875 /* AppDelegate.swift */; };
		06BE2BF32A0C4C550003C875 /* SceneDelegate.swift in Sources */ = {isa = PBXBuildFile; fileRef = 06BE2BF22A0C4C550003C875 /* SceneDelegate.swift */; };
		06BE2BF52A0C4C550003C875 /* OnboardingViewController.swift in Sources */ = {isa = PBXBuildFile; fileRef = 06BE2BF42A0C4C550003C875 /* OnboardingViewController.swift */; };
		06BE2BFA2A0C4C570003C875 /* Assets.xcassets in Resources */ = {isa = PBXBuildFile; fileRef = 06BE2BF92A0C4C570003C875 /* Assets.xcassets */; };
		06BE2BFD2A0C4C570003C875 /* LaunchScreen.storyboard in Resources */ = {isa = PBXBuildFile; fileRef = 06BE2BFB2A0C4C570003C875 /* LaunchScreen.storyboard */; };
		06BE2C062A0C4DB10003C875 /* Exo-Medium.ttf in Resources */ = {isa = PBXBuildFile; fileRef = 06BE2C052A0C4DB10003C875 /* Exo-Medium.ttf */; };
		06BE2C082A0C4DC30003C875 /* Exo-SemiBold.ttf in Resources */ = {isa = PBXBuildFile; fileRef = 06BE2C072A0C4DC30003C875 /* Exo-SemiBold.ttf */; };
		06BE2C0A2A0C4DD10003C875 /* Exo-Bold.ttf in Resources */ = {isa = PBXBuildFile; fileRef = 06BE2C092A0C4DD10003C875 /* Exo-Bold.ttf */; };
		06BE2C0D2A0C4EAD0003C875 /* SnapKit in Frameworks */ = {isa = PBXBuildFile; productRef = 06BE2C0C2A0C4EAD0003C875 /* SnapKit */; };
		06BE2C0F2A0C52CD0003C875 /* Constants.swift in Sources */ = {isa = PBXBuildFile; fileRef = 06BE2C0E2A0C52CD0003C875 /* Constants.swift */; };
		06BE2C112A0C55310003C875 /* Extension + UIView.swift in Sources */ = {isa = PBXBuildFile; fileRef = 06BE2C102A0C55310003C875 /* Extension + UIView.swift */; };
		06DAC7A92A12679C0086CC41 /* AuthNetworkManager.swift in Sources */ = {isa = PBXBuildFile; fileRef = 06DAC7A82A12679C0086CC41 /* AuthNetworkManager.swift */; };
		06DAC7AC2A1268960086CC41 /* RegisterUserInfo.swift in Sources */ = {isa = PBXBuildFile; fileRef = 06DAC7AB2A1268960086CC41 /* RegisterUserInfo.swift */; };
		06DAC7AE2A1273B80086CC41 /* SignInUserInfo.swift in Sources */ = {isa = PBXBuildFile; fileRef = 06DAC7AD2A1273B80086CC41 /* SignInUserInfo.swift */; };
		06DAC7B02A127DB50086CC41 /* Validator.swift in Sources */ = {isa = PBXBuildFile; fileRef = 06DAC7AF2A127DB50086CC41 /* Validator.swift */; };
		06DAC7B22A1289E40086CC41 /* AlertManager.swift in Sources */ = {isa = PBXBuildFile; fileRef = 06DAC7B12A1289E40086CC41 /* AlertManager.swift */; };
		06DAC7B42A128E1F0086CC41 /* GoogleService-Info.plist in Resources */ = {isa = PBXBuildFile; fileRef = 06DAC7B32A128E1F0086CC41 /* GoogleService-Info.plist */; };
		06DAC7B72A129B150086CC41 /* GoogleSignIn in Frameworks */ = {isa = PBXBuildFile; productRef = 06DAC7B62A129B150086CC41 /* GoogleSignIn */; };
		06DAC7B92A129B150086CC41 /* GoogleSignInSwift in Frameworks */ = {isa = PBXBuildFile; productRef = 06DAC7B82A129B150086CC41 /* GoogleSignInSwift */; };
		06EEC8222A238CDE00525723 /* Coordinator.swift in Sources */ = {isa = PBXBuildFile; fileRef = 06EEC8212A238CDE00525723 /* Coordinator.swift */; };
		06EEC8242A238DD300525723 /* AppCoordinator.swift in Sources */ = {isa = PBXBuildFile; fileRef = 06EEC8232A238DD300525723 /* AppCoordinator.swift */; };
		06EEC8262A238ECB00525723 /* AuthCoordinator.swift in Sources */ = {isa = PBXBuildFile; fileRef = 06EEC8252A238ECB00525723 /* AuthCoordinator.swift */; };
		06EEC8282A2394AF00525723 /* OnboardingViewModel.swift in Sources */ = {isa = PBXBuildFile; fileRef = 06EEC8272A2394AF00525723 /* OnboardingViewModel.swift */; };
		06EEC82A2A239F2800525723 /* RegistryViewModel.swift in Sources */ = {isa = PBXBuildFile; fileRef = 06EEC8292A239F2800525723 /* RegistryViewModel.swift */; };
		06EEC82C2A23A22300525723 /* ForgotPassViewModel.swift in Sources */ = {isa = PBXBuildFile; fileRef = 06EEC82B2A23A22300525723 /* ForgotPassViewModel.swift */; };
		06F546732A2502F4001779FF /* CustomScrollUpButton.swift in Sources */ = {isa = PBXBuildFile; fileRef = 06F546722A2502F4001779FF /* CustomScrollUpButton.swift */; };
		06F75A9D2A11320D000A174B /* NewsViewController.swift in Sources */ = {isa = PBXBuildFile; fileRef = 06F75A9C2A11320D000A174B /* NewsViewController.swift */; };
		06F75AA02A1134C7000A174B /* FirebaseAnalytics in Frameworks */ = {isa = PBXBuildFile; productRef = 06F75A9F2A1134C7000A174B /* FirebaseAnalytics */; };
		06F75AA22A1134C7000A174B /* FirebaseAnalyticsOnDeviceConversion in Frameworks */ = {isa = PBXBuildFile; productRef = 06F75AA12A1134C7000A174B /* FirebaseAnalyticsOnDeviceConversion */; };
		06F75AA42A1134C7000A174B /* FirebaseAnalyticsSwift in Frameworks */ = {isa = PBXBuildFile; productRef = 06F75AA32A1134C7000A174B /* FirebaseAnalyticsSwift */; };
		06F75AA62A1134C7000A174B /* FirebaseAnalyticsWithoutAdIdSupport in Frameworks */ = {isa = PBXBuildFile; productRef = 06F75AA52A1134C7000A174B /* FirebaseAnalyticsWithoutAdIdSupport */; };
		06F75AA82A1134C7000A174B /* FirebaseAppCheck in Frameworks */ = {isa = PBXBuildFile; productRef = 06F75AA72A1134C7000A174B /* FirebaseAppCheck */; };
		06F75AAA2A1134C7000A174B /* FirebaseAppDistribution-Beta in Frameworks */ = {isa = PBXBuildFile; productRef = 06F75AA92A1134C7000A174B /* FirebaseAppDistribution-Beta */; };
		06F75AAC2A1134C7000A174B /* FirebaseAuth in Frameworks */ = {isa = PBXBuildFile; productRef = 06F75AAB2A1134C7000A174B /* FirebaseAuth */; };
		06F75AAE2A1134C7000A174B /* FirebaseAuthCombine-Community in Frameworks */ = {isa = PBXBuildFile; productRef = 06F75AAD2A1134C7000A174B /* FirebaseAuthCombine-Community */; };
		06F75AB02A1134C7000A174B /* FirebaseCrashlytics in Frameworks */ = {isa = PBXBuildFile; productRef = 06F75AAF2A1134C7000A174B /* FirebaseCrashlytics */; };
		06F75AB22A1134C7000A174B /* FirebaseDatabase in Frameworks */ = {isa = PBXBuildFile; productRef = 06F75AB12A1134C7000A174B /* FirebaseDatabase */; };
		06F75AB42A1134C7000A174B /* FirebaseDatabaseSwift in Frameworks */ = {isa = PBXBuildFile; productRef = 06F75AB32A1134C7000A174B /* FirebaseDatabaseSwift */; };
		06F75AB62A1134C7000A174B /* FirebaseDynamicLinks in Frameworks */ = {isa = PBXBuildFile; productRef = 06F75AB52A1134C7000A174B /* FirebaseDynamicLinks */; };
		06F75AB82A1134C7000A174B /* FirebaseFirestore in Frameworks */ = {isa = PBXBuildFile; productRef = 06F75AB72A1134C7000A174B /* FirebaseFirestore */; };
		06F75ABA2A1134C7000A174B /* FirebaseFirestoreCombine-Community in Frameworks */ = {isa = PBXBuildFile; productRef = 06F75AB92A1134C7000A174B /* FirebaseFirestoreCombine-Community */; };
		06F75ABC2A1134C7000A174B /* FirebaseFirestoreSwift in Frameworks */ = {isa = PBXBuildFile; productRef = 06F75ABB2A1134C7000A174B /* FirebaseFirestoreSwift */; };
		06F75ABE2A1134C7000A174B /* FirebaseFunctions in Frameworks */ = {isa = PBXBuildFile; productRef = 06F75ABD2A1134C7000A174B /* FirebaseFunctions */; };
		06F75AC02A1134C7000A174B /* FirebaseFunctionsCombine-Community in Frameworks */ = {isa = PBXBuildFile; productRef = 06F75ABF2A1134C7000A174B /* FirebaseFunctionsCombine-Community */; };
		06F75AC22A1134C7000A174B /* FirebaseInAppMessaging-Beta in Frameworks */ = {isa = PBXBuildFile; productRef = 06F75AC12A1134C7000A174B /* FirebaseInAppMessaging-Beta */; };
		06F75AC42A1134C7000A174B /* FirebaseInAppMessagingSwift-Beta in Frameworks */ = {isa = PBXBuildFile; productRef = 06F75AC32A1134C7000A174B /* FirebaseInAppMessagingSwift-Beta */; };
		06F75AC62A1134C7000A174B /* FirebaseInstallations in Frameworks */ = {isa = PBXBuildFile; productRef = 06F75AC52A1134C7000A174B /* FirebaseInstallations */; };
		06F75AC82A1134C7000A174B /* FirebaseMLModelDownloader in Frameworks */ = {isa = PBXBuildFile; productRef = 06F75AC72A1134C7000A174B /* FirebaseMLModelDownloader */; };
		06F75ACA2A1134C7000A174B /* FirebaseMessaging in Frameworks */ = {isa = PBXBuildFile; productRef = 06F75AC92A1134C7000A174B /* FirebaseMessaging */; };
		06F75ACC2A1134C7000A174B /* FirebasePerformance in Frameworks */ = {isa = PBXBuildFile; productRef = 06F75ACB2A1134C7000A174B /* FirebasePerformance */; };
		06F75ACE2A1134C7000A174B /* FirebaseRemoteConfig in Frameworks */ = {isa = PBXBuildFile; productRef = 06F75ACD2A1134C7000A174B /* FirebaseRemoteConfig */; };
		06F75AD02A1134C7000A174B /* FirebaseRemoteConfigSwift in Frameworks */ = {isa = PBXBuildFile; productRef = 06F75ACF2A1134C7000A174B /* FirebaseRemoteConfigSwift */; };
		06F75AD22A1134C7000A174B /* FirebaseStorage in Frameworks */ = {isa = PBXBuildFile; productRef = 06F75AD12A1134C7000A174B /* FirebaseStorage */; };
		06F75AD42A1134C7000A174B /* FirebaseStorageCombine-Community in Frameworks */ = {isa = PBXBuildFile; productRef = 06F75AD32A1134C7000A174B /* FirebaseStorageCombine-Community */; };
/* End PBXBuildFile section */

/* Begin PBXFileReference section */
		061C90E52A13890900A8078C /* LoginViewModel.swift */ = {isa = PBXFileReference; lastKnownFileType = sourcecode.swift; path = LoginViewModel.swift; sourceTree = "<group>"; };
		0624BE202A24DA8D000F04E9 /* TabBarCoordinator.swift */ = {isa = PBXFileReference; lastKnownFileType = sourcecode.swift; path = TabBarCoordinator.swift; sourceTree = "<group>"; };
		0624BE222A24DCFA000F04E9 /* NewsCoordinator.swift */ = {isa = PBXFileReference; lastKnownFileType = sourcecode.swift; path = NewsCoordinator.swift; sourceTree = "<group>"; };
		0624BE242A24DE5B000F04E9 /* GamesCoordinator.swift */ = {isa = PBXFileReference; lastKnownFileType = sourcecode.swift; path = GamesCoordinator.swift; sourceTree = "<group>"; };
		0624BE262A24DE8E000F04E9 /* ProfileCoordinator.swift */ = {isa = PBXFileReference; lastKnownFileType = sourcecode.swift; path = ProfileCoordinator.swift; sourceTree = "<group>"; };
		0633A62B2A18E07900A027E5 /* GamesViewModel.swift */ = {isa = PBXFileReference; lastKnownFileType = sourcecode.swift; path = GamesViewModel.swift; sourceTree = "<group>"; };
		0633A62E2A18E4EA00A027E5 /* SportsCollectionViewCell.swift */ = {isa = PBXFileReference; lastKnownFileType = sourcecode.swift; path = SportsCollectionViewCell.swift; sourceTree = "<group>"; };
		0633A6312A18E73C00A027E5 /* Sport.swift */ = {isa = PBXFileReference; lastKnownFileType = sourcecode.swift; path = Sport.swift; sourceTree = "<group>"; };
		0633A6332A18F17900A027E5 /* Extension + UICollectionView.swift */ = {isa = PBXFileReference; lastKnownFileType = sourcecode.swift; path = "Extension + UICollectionView.swift"; sourceTree = "<group>"; };
		0633A6362A190B2700A027E5 /* SportsNetworkManager.swift */ = {isa = PBXFileReference; lastKnownFileType = sourcecode.swift; path = SportsNetworkManager.swift; sourceTree = "<group>"; };
		0635A5BA2A13D05C003CBE55 /* GamesViewController.swift */ = {isa = PBXFileReference; lastKnownFileType = sourcecode.swift; path = GamesViewController.swift; sourceTree = "<group>"; };
		0635A5BC2A13D06C003CBE55 /* ProfileViewController.swift */ = {isa = PBXFileReference; lastKnownFileType = sourcecode.swift; path = ProfileViewController.swift; sourceTree = "<group>"; };
		0635A5BE2A13D124003CBE55 /* TabBarViewController.swift */ = {isa = PBXFileReference; lastKnownFileType = sourcecode.swift; path = TabBarViewController.swift; sourceTree = "<group>"; };
		063617292A2610DC00D30F55 /* DetailNewsViewController.swift */ = {isa = PBXFileReference; lastKnownFileType = sourcecode.swift; path = DetailNewsViewController.swift; sourceTree = "<group>"; };
		063DBC7B2A165A5A00406059 /* Extension + String.swift */ = {isa = PBXFileReference; lastKnownFileType = sourcecode.swift; path = "Extension + String.swift"; sourceTree = "<group>"; };
		06506B8C2A1CEBF500E88FA0 /* MainBaseball.swift */ = {isa = PBXFileReference; lastKnownFileType = sourcecode.swift; path = MainBaseball.swift; sourceTree = "<group>"; };
		06506B8E2A1CECD600E88FA0 /* BaseballParameters.swift */ = {isa = PBXFileReference; lastKnownFileType = sourcecode.swift; path = BaseballParameters.swift; sourceTree = "<group>"; };
		06506B902A1CED1800E88FA0 /* BaseballResponse.swift */ = {isa = PBXFileReference; lastKnownFileType = sourcecode.swift; path = BaseballResponse.swift; sourceTree = "<group>"; };
		06506B942A1CED5F00E88FA0 /* BaseballLeague.swift */ = {isa = PBXFileReference; lastKnownFileType = sourcecode.swift; path = BaseballLeague.swift; sourceTree = "<group>"; };
		06506B962A1CED8100E88FA0 /* Scores.swift */ = {isa = PBXFileReference; lastKnownFileType = sourcecode.swift; path = Scores.swift; sourceTree = "<group>"; };
		06506B9A2A1CEDDB00E88FA0 /* BasebalTeams.swift */ = {isa = PBXFileReference; lastKnownFileType = sourcecode.swift; path = BasebalTeams.swift; sourceTree = "<group>"; };
		0675BDDA2A1A8BCC00985D3E /* GamesTableViewCell.swift */ = {isa = PBXFileReference; lastKnownFileType = sourcecode.swift; path = GamesTableViewCell.swift; sourceTree = "<group>"; };
		068DD22E2A0F9FE60000913B /* EyeButton.swift */ = {isa = PBXFileReference; lastKnownFileType = sourcecode.swift; path = EyeButton.swift; sourceTree = "<group>"; };
		068DD2342A0FCF8F0000913B /* CustomActionButton.swift */ = {isa = PBXFileReference; lastKnownFileType = sourcecode.swift; path = CustomActionButton.swift; sourceTree = "<group>"; };
		068DD2362A0FD8190000913B /* CustomSocialsButton.swift */ = {isa = PBXFileReference; lastKnownFileType = sourcecode.swift; path = CustomSocialsButton.swift; sourceTree = "<group>"; };
		068FFD812A1BA1D600E764D8 /* MainFootball.swift */ = {isa = PBXFileReference; fileEncoding = 4; lastKnownFileType = sourcecode.swift; path = MainFootball.swift; sourceTree = "<group>"; };
		068FFD822A1BA1D600E764D8 /* Goals.swift */ = {isa = PBXFileReference; fileEncoding = 4; lastKnownFileType = sourcecode.swift; path = Goals.swift; sourceTree = "<group>"; };
		068FFD832A1BA1D600E764D8 /* Penalty.swift */ = {isa = PBXFileReference; fileEncoding = 4; lastKnownFileType = sourcecode.swift; path = Penalty.swift; sourceTree = "<group>"; };
		068FFD842A1BA1D600E764D8 /* Fulltime.swift */ = {isa = PBXFileReference; fileEncoding = 4; lastKnownFileType = sourcecode.swift; path = Fulltime.swift; sourceTree = "<group>"; };
		068FFD852A1BA1D600E764D8 /* FootbalHome.swift */ = {isa = PBXFileReference; fileEncoding = 4; lastKnownFileType = sourcecode.swift; path = FootbalHome.swift; sourceTree = "<group>"; };
		068FFD862A1BA1D600E764D8 /* Periods.swift */ = {isa = PBXFileReference; fileEncoding = 4; lastKnownFileType = sourcecode.swift; path = Periods.swift; sourceTree = "<group>"; };
		068FFD872A1BA1D600E764D8 /* FootballResponse.swift */ = {isa = PBXFileReference; fileEncoding = 4; lastKnownFileType = sourcecode.swift; path = FootballResponse.swift; sourceTree = "<group>"; };
		068FFD882A1BA1D600E764D8 /* FotballFixture.swift */ = {isa = PBXFileReference; fileEncoding = 4; lastKnownFileType = sourcecode.swift; path = FotballFixture.swift; sourceTree = "<group>"; };
		068FFD892A1BA1D600E764D8 /* Extratime.swift */ = {isa = PBXFileReference; fileEncoding = 4; lastKnownFileType = sourcecode.swift; path = Extratime.swift; sourceTree = "<group>"; };
		068FFD8A2A1BA1D600E764D8 /* FootballTeams.swift */ = {isa = PBXFileReference; fileEncoding = 4; lastKnownFileType = sourcecode.swift; path = FootballTeams.swift; sourceTree = "<group>"; };
		068FFD8B2A1BA1D600E764D8 /* Venue.swift */ = {isa = PBXFileReference; fileEncoding = 4; lastKnownFileType = sourcecode.swift; path = Venue.swift; sourceTree = "<group>"; };
		068FFD8C2A1BA1D600E764D8 /* FootballAway.swift */ = {isa = PBXFileReference; fileEncoding = 4; lastKnownFileType = sourcecode.swift; path = FootballAway.swift; sourceTree = "<group>"; };
		068FFD8D2A1BA1D600E764D8 /* Halftime.swift */ = {isa = PBXFileReference; fileEncoding = 4; lastKnownFileType = sourcecode.swift; path = Halftime.swift; sourceTree = "<group>"; };
		068FFD8E2A1BA1D700E764D8 /* FotballLeague.swift */ = {isa = PBXFileReference; fileEncoding = 4; lastKnownFileType = sourcecode.swift; path = FotballLeague.swift; sourceTree = "<group>"; };
		068FFD8F2A1BA1D700E764D8 /* FotballStatus.swift */ = {isa = PBXFileReference; fileEncoding = 4; lastKnownFileType = sourcecode.swift; path = FotballStatus.swift; sourceTree = "<group>"; };
		068FFD902A1BA1D700E764D8 /* Score.swift */ = {isa = PBXFileReference; fileEncoding = 4; lastKnownFileType = sourcecode.swift; path = Score.swift; sourceTree = "<group>"; };
		068FFD912A1BA1D700E764D8 /* Paging.swift */ = {isa = PBXFileReference; fileEncoding = 4; lastKnownFileType = sourcecode.swift; path = Paging.swift; sourceTree = "<group>"; };
		068FFD922A1BA1D700E764D8 /* Parameters.swift */ = {isa = PBXFileReference; fileEncoding = 4; lastKnownFileType = sourcecode.swift; path = Parameters.swift; sourceTree = "<group>"; };
		06982BB52A0D0E22007284BC /* LoginViewController.swift */ = {isa = PBXFileReference; lastKnownFileType = sourcecode.swift; path = LoginViewController.swift; sourceTree = "<group>"; };
		06982BBA2A0D0E6A007284BC /* RegistryViewController.swift */ = {isa = PBXFileReference; lastKnownFileType = sourcecode.swift; path = RegistryViewController.swift; sourceTree = "<group>"; };
		06982BBD2A0D0EB6007284BC /* Router.swift */ = {isa = PBXFileReference; lastKnownFileType = sourcecode.swift; path = Router.swift; sourceTree = "<group>"; };
		06982BBF2A0D0EEC007284BC /* MainRouter.swift */ = {isa = PBXFileReference; lastKnownFileType = sourcecode.swift; path = MainRouter.swift; sourceTree = "<group>"; };
		06982BC12A0D0F41007284BC /* ForgotPasswordViewController.swift */ = {isa = PBXFileReference; lastKnownFileType = sourcecode.swift; path = ForgotPasswordViewController.swift; sourceTree = "<group>"; };
		06982BC42A0D1682007284BC /* CustomTextField.swift */ = {isa = PBXFileReference; lastKnownFileType = sourcecode.swift; path = CustomTextField.swift; sourceTree = "<group>"; };
		06982BC62A0D1EDB007284BC /* Extension + UIColor.swift */ = {isa = PBXFileReference; lastKnownFileType = sourcecode.swift; path = "Extension + UIColor.swift"; sourceTree = "<group>"; };
		06A6B4532A150BD600CFFB33 /* News.swift */ = {isa = PBXFileReference; lastKnownFileType = sourcecode.swift; path = News.swift; sourceTree = "<group>"; };
		06A6B4592A150C8400CFFB33 /* NewsSource.swift */ = {isa = PBXFileReference; lastKnownFileType = sourcecode.swift; path = NewsSource.swift; sourceTree = "<group>"; };
		06A6B45D2A150F0500CFFB33 /* NewsNetworkManager.swift */ = {isa = PBXFileReference; lastKnownFileType = sourcecode.swift; path = NewsNetworkManager.swift; sourceTree = "<group>"; };
		06A6B45F2A15146900CFFB33 /* NewsArticle.swift */ = {isa = PBXFileReference; lastKnownFileType = sourcecode.swift; path = NewsArticle.swift; sourceTree = "<group>"; };
		06A6B4612A1515C800CFFB33 /* NewsViewModel.swift */ = {isa = PBXFileReference; lastKnownFileType = sourcecode.swift; path = NewsViewModel.swift; sourceTree = "<group>"; };
		06A6B4642A15193300CFFB33 /* NewsTableViewCell.swift */ = {isa = PBXFileReference; lastKnownFileType = sourcecode.swift; path = NewsTableViewCell.swift; sourceTree = "<group>"; };
		06B07CEF2A1E6CDC009EAA21 /* MainBasketball.swift */ = {isa = PBXFileReference; lastKnownFileType = sourcecode.swift; path = MainBasketball.swift; sourceTree = "<group>"; };
		06B07CF12A1E6E24009EAA21 /* BasketballParameters.swift */ = {isa = PBXFileReference; lastKnownFileType = sourcecode.swift; path = BasketballParameters.swift; sourceTree = "<group>"; };
		06B07CF32A1E6E34009EAA21 /* BasketballResponse.swift */ = {isa = PBXFileReference; lastKnownFileType = sourcecode.swift; path = BasketballResponse.swift; sourceTree = "<group>"; };
		06B07CF52A1E6E46009EAA21 /* BasketballCountry.swift */ = {isa = PBXFileReference; lastKnownFileType = sourcecode.swift; path = BasketballCountry.swift; sourceTree = "<group>"; };
		06B07CF72A1E6E5A009EAA21 /* BasketballLeague.swift */ = {isa = PBXFileReference; lastKnownFileType = sourcecode.swift; path = BasketballLeague.swift; sourceTree = "<group>"; };
		06B07CF92A1E6E6E009EAA21 /* BasketballScores.swift */ = {isa = PBXFileReference; lastKnownFileType = sourcecode.swift; path = BasketballScores.swift; sourceTree = "<group>"; };
		06B07CFB2A1E6E96009EAA21 /* BasketballTeams.swift */ = {isa = PBXFileReference; lastKnownFileType = sourcecode.swift; path = BasketballTeams.swift; sourceTree = "<group>"; };
		06B07CFD2A1E6EC8009EAA21 /* MainHandball.swift */ = {isa = PBXFileReference; lastKnownFileType = sourcecode.swift; path = MainHandball.swift; sourceTree = "<group>"; };
		06B07D002A1E72D5009EAA21 /* MainHockey.swift */ = {isa = PBXFileReference; lastKnownFileType = sourcecode.swift; path = MainHockey.swift; sourceTree = "<group>"; };
		06B07D032A1E7878009EAA21 /* MainVolleyball.swift */ = {isa = PBXFileReference; lastKnownFileType = sourcecode.swift; path = MainVolleyball.swift; sourceTree = "<group>"; };
		06BE2BED2A0C4C550003C875 /* BetMate.app */ = {isa = PBXFileReference; explicitFileType = wrapper.application; includeInIndex = 0; path = BetMate.app; sourceTree = BUILT_PRODUCTS_DIR; };
		06BE2BF02A0C4C550003C875 /* AppDelegate.swift */ = {isa = PBXFileReference; lastKnownFileType = sourcecode.swift; path = AppDelegate.swift; sourceTree = "<group>"; };
		06BE2BF22A0C4C550003C875 /* SceneDelegate.swift */ = {isa = PBXFileReference; lastKnownFileType = sourcecode.swift; path = SceneDelegate.swift; sourceTree = "<group>"; };
		06BE2BF42A0C4C550003C875 /* OnboardingViewController.swift */ = {isa = PBXFileReference; lastKnownFileType = sourcecode.swift; path = OnboardingViewController.swift; sourceTree = "<group>"; };
		06BE2BF92A0C4C570003C875 /* Assets.xcassets */ = {isa = PBXFileReference; lastKnownFileType = folder.assetcatalog; path = Assets.xcassets; sourceTree = "<group>"; };
		06BE2BFC2A0C4C570003C875 /* Base */ = {isa = PBXFileReference; lastKnownFileType = file.storyboard; name = Base; path = Base.lproj/LaunchScreen.storyboard; sourceTree = "<group>"; };
		06BE2BFE2A0C4C570003C875 /* Info.plist */ = {isa = PBXFileReference; lastKnownFileType = text.plist.xml; path = Info.plist; sourceTree = "<group>"; };
		06BE2C052A0C4DB10003C875 /* Exo-Medium.ttf */ = {isa = PBXFileReference; lastKnownFileType = file; path = "Exo-Medium.ttf"; sourceTree = "<group>"; };
		06BE2C072A0C4DC30003C875 /* Exo-SemiBold.ttf */ = {isa = PBXFileReference; lastKnownFileType = file; path = "Exo-SemiBold.ttf"; sourceTree = "<group>"; };
		06BE2C092A0C4DD10003C875 /* Exo-Bold.ttf */ = {isa = PBXFileReference; lastKnownFileType = file; path = "Exo-Bold.ttf"; sourceTree = "<group>"; };
		06BE2C0E2A0C52CD0003C875 /* Constants.swift */ = {isa = PBXFileReference; lastKnownFileType = sourcecode.swift; path = Constants.swift; sourceTree = "<group>"; };
		06BE2C102A0C55310003C875 /* Extension + UIView.swift */ = {isa = PBXFileReference; lastKnownFileType = sourcecode.swift; path = "Extension + UIView.swift"; sourceTree = "<group>"; };
		06DAC7A82A12679C0086CC41 /* AuthNetworkManager.swift */ = {isa = PBXFileReference; lastKnownFileType = sourcecode.swift; path = AuthNetworkManager.swift; sourceTree = "<group>"; };
		06DAC7AB2A1268960086CC41 /* RegisterUserInfo.swift */ = {isa = PBXFileReference; lastKnownFileType = sourcecode.swift; path = RegisterUserInfo.swift; sourceTree = "<group>"; };
		06DAC7AD2A1273B80086CC41 /* SignInUserInfo.swift */ = {isa = PBXFileReference; lastKnownFileType = sourcecode.swift; path = SignInUserInfo.swift; sourceTree = "<group>"; };
		06DAC7AF2A127DB50086CC41 /* Validator.swift */ = {isa = PBXFileReference; lastKnownFileType = sourcecode.swift; path = Validator.swift; sourceTree = "<group>"; };
		06DAC7B12A1289E40086CC41 /* AlertManager.swift */ = {isa = PBXFileReference; lastKnownFileType = sourcecode.swift; path = AlertManager.swift; sourceTree = "<group>"; };
		06DAC7B32A128E1F0086CC41 /* GoogleService-Info.plist */ = {isa = PBXFileReference; fileEncoding = 4; lastKnownFileType = text.plist.xml; path = "GoogleService-Info.plist"; sourceTree = "<group>"; };
		06EEC8212A238CDE00525723 /* Coordinator.swift */ = {isa = PBXFileReference; lastKnownFileType = sourcecode.swift; path = Coordinator.swift; sourceTree = "<group>"; };
		06EEC8232A238DD300525723 /* AppCoordinator.swift */ = {isa = PBXFileReference; lastKnownFileType = sourcecode.swift; path = AppCoordinator.swift; sourceTree = "<group>"; };
		06EEC8252A238ECB00525723 /* AuthCoordinator.swift */ = {isa = PBXFileReference; lastKnownFileType = sourcecode.swift; path = AuthCoordinator.swift; sourceTree = "<group>"; };
		06EEC8272A2394AF00525723 /* OnboardingViewModel.swift */ = {isa = PBXFileReference; lastKnownFileType = sourcecode.swift; path = OnboardingViewModel.swift; sourceTree = "<group>"; };
		06EEC8292A239F2800525723 /* RegistryViewModel.swift */ = {isa = PBXFileReference; lastKnownFileType = sourcecode.swift; path = RegistryViewModel.swift; sourceTree = "<group>"; };
		06EEC82B2A23A22300525723 /* ForgotPassViewModel.swift */ = {isa = PBXFileReference; lastKnownFileType = sourcecode.swift; path = ForgotPassViewModel.swift; sourceTree = "<group>"; };
		06F546722A2502F4001779FF /* CustomScrollUpButton.swift */ = {isa = PBXFileReference; lastKnownFileType = sourcecode.swift; path = CustomScrollUpButton.swift; sourceTree = "<group>"; };
		06F75A9C2A11320D000A174B /* NewsViewController.swift */ = {isa = PBXFileReference; lastKnownFileType = sourcecode.swift; path = NewsViewController.swift; sourceTree = "<group>"; };
/* End PBXFileReference section */

/* Begin PBXFrameworksBuildPhase section */
		06BE2BEA2A0C4C550003C875 /* Frameworks */ = {
			isa = PBXFrameworksBuildPhase;
			buildActionMask = 2147483647;
			files = (
				06F75ABE2A1134C7000A174B /* FirebaseFunctions in Frameworks */,
				06F75AB42A1134C7000A174B /* FirebaseDatabaseSwift in Frameworks */,
				06F75AC42A1134C7000A174B /* FirebaseInAppMessagingSwift-Beta in Frameworks */,
				06F75ACA2A1134C7000A174B /* FirebaseMessaging in Frameworks */,
				06F75AAA2A1134C7000A174B /* FirebaseAppDistribution-Beta in Frameworks */,
				06F75AAE2A1134C7000A174B /* FirebaseAuthCombine-Community in Frameworks */,
				06F75ABA2A1134C7000A174B /* FirebaseFirestoreCombine-Community in Frameworks */,
				06F75AA42A1134C7000A174B /* FirebaseAnalyticsSwift in Frameworks */,
				06F75AC82A1134C7000A174B /* FirebaseMLModelDownloader in Frameworks */,
				06DAC7B72A129B150086CC41 /* GoogleSignIn in Frameworks */,
				06F75AA62A1134C7000A174B /* FirebaseAnalyticsWithoutAdIdSupport in Frameworks */,
				06F75AA02A1134C7000A174B /* FirebaseAnalytics in Frameworks */,
				06F75ABC2A1134C7000A174B /* FirebaseFirestoreSwift in Frameworks */,
				06F75AA22A1134C7000A174B /* FirebaseAnalyticsOnDeviceConversion in Frameworks */,
				06F75AA82A1134C7000A174B /* FirebaseAppCheck in Frameworks */,
				06DAC7B92A129B150086CC41 /* GoogleSignInSwift in Frameworks */,
				06F75ACC2A1134C7000A174B /* FirebasePerformance in Frameworks */,
				06F75AC22A1134C7000A174B /* FirebaseInAppMessaging-Beta in Frameworks */,
				06F75AC02A1134C7000A174B /* FirebaseFunctionsCombine-Community in Frameworks */,
				06F75AB02A1134C7000A174B /* FirebaseCrashlytics in Frameworks */,
				06F75AC62A1134C7000A174B /* FirebaseInstallations in Frameworks */,
				06F75ACE2A1134C7000A174B /* FirebaseRemoteConfig in Frameworks */,
				06F75AD22A1134C7000A174B /* FirebaseStorage in Frameworks */,
				06A6B4682A151C4400CFFB33 /* SDWebImage in Frameworks */,
				06F75AB22A1134C7000A174B /* FirebaseDatabase in Frameworks */,
				06F75AD42A1134C7000A174B /* FirebaseStorageCombine-Community in Frameworks */,
				06BE2C0D2A0C4EAD0003C875 /* SnapKit in Frameworks */,
				06F75AAC2A1134C7000A174B /* FirebaseAuth in Frameworks */,
				06F75AB62A1134C7000A174B /* FirebaseDynamicLinks in Frameworks */,
				06F75AB82A1134C7000A174B /* FirebaseFirestore in Frameworks */,
				06F75AD02A1134C7000A174B /* FirebaseRemoteConfigSwift in Frameworks */,
			);
			runOnlyForDeploymentPostprocessing = 0;
		};
/* End PBXFrameworksBuildPhase section */

/* Begin PBXGroup section */
		061C90E42A1388C100A8078C /* ViewModel */ = {
			isa = PBXGroup;
			children = (
				06EEC8272A2394AF00525723 /* OnboardingViewModel.swift */,
				061C90E52A13890900A8078C /* LoginViewModel.swift */,
				06EEC8292A239F2800525723 /* RegistryViewModel.swift */,
				06EEC82B2A23A22300525723 /* ForgotPassViewModel.swift */,
				06A6B4612A1515C800CFFB33 /* NewsViewModel.swift */,
				0633A62B2A18E07900A027E5 /* GamesViewModel.swift */,
			);
			path = ViewModel;
			sourceTree = "<group>";
		};
		0633A62D2A18E4C200A027E5 /* GamesViews */ = {
			isa = PBXGroup;
			children = (
				0633A62E2A18E4EA00A027E5 /* SportsCollectionViewCell.swift */,
				0675BDDA2A1A8BCC00985D3E /* GamesTableViewCell.swift */,
			);
			path = GamesViews;
			sourceTree = "<group>";
		};
		0633A6302A18E72200A027E5 /* GamesModels */ = {
			isa = PBXGroup;
			children = (
			);
			path = GamesModels;
			sourceTree = "<group>";
		};
		0633A6352A190AF500A027E5 /* SportsManager */ = {
			isa = PBXGroup;
			children = (
				0633A6362A190B2700A027E5 /* SportsNetworkManager.swift */,
			);
			path = SportsManager;
			sourceTree = "<group>";
		};
		0635A5B82A13CF25003CBE55 /* AuthViewControllers */ = {
			isa = PBXGroup;
			children = (
				06BE2BF42A0C4C550003C875 /* OnboardingViewController.swift */,
				06982BB52A0D0E22007284BC /* LoginViewController.swift */,
				06982BBA2A0D0E6A007284BC /* RegistryViewController.swift */,
				06982BC12A0D0F41007284BC /* ForgotPasswordViewController.swift */,
			);
			path = AuthViewControllers;
			sourceTree = "<group>";
		};
		0635A5B92A13CF46003CBE55 /* Core */ = {
			isa = PBXGroup;
			children = (
				0635A5BE2A13D124003CBE55 /* TabBarViewController.swift */,
				06F75A9C2A11320D000A174B /* NewsViewController.swift */,
				0635A5BA2A13D05C003CBE55 /* GamesViewController.swift */,
				0635A5BC2A13D06C003CBE55 /* ProfileViewController.swift */,
			);
			path = Core;
			sourceTree = "<group>";
		};
		063617282A260EA500D30F55 /* DetailNewsController */ = {
			isa = PBXGroup;
			children = (
				063617292A2610DC00D30F55 /* DetailNewsViewController.swift */,
			);
			path = DetailNewsController;
			sourceTree = "<group>";
		};
		06506B742A1CDDC300E88FA0 /* BaseballModels */ = {
			isa = PBXGroup;
			children = (
				06506B8C2A1CEBF500E88FA0 /* MainBaseball.swift */,
				06506B8E2A1CECD600E88FA0 /* BaseballParameters.swift */,
				06506B902A1CED1800E88FA0 /* BaseballResponse.swift */,
				06506B942A1CED5F00E88FA0 /* BaseballLeague.swift */,
				06506B962A1CED8100E88FA0 /* Scores.swift */,
				06506B9A2A1CEDDB00E88FA0 /* BasebalTeams.swift */,
			);
			path = BaseballModels;
			sourceTree = "<group>";
		};
		068FFDA52A1BA24F00E764D8 /* FootballModels */ = {
			isa = PBXGroup;
			children = (
				068FFD812A1BA1D600E764D8 /* MainFootball.swift */,
				068FFD8C2A1BA1D600E764D8 /* FootballAway.swift */,
				068FFD892A1BA1D600E764D8 /* Extratime.swift */,
				068FFD882A1BA1D600E764D8 /* FotballFixture.swift */,
				068FFD842A1BA1D600E764D8 /* Fulltime.swift */,
				068FFD822A1BA1D600E764D8 /* Goals.swift */,
				068FFD8D2A1BA1D600E764D8 /* Halftime.swift */,
				068FFD852A1BA1D600E764D8 /* FootbalHome.swift */,
				068FFD8E2A1BA1D700E764D8 /* FotballLeague.swift */,
				068FFD912A1BA1D700E764D8 /* Paging.swift */,
				068FFD922A1BA1D700E764D8 /* Parameters.swift */,
				068FFD832A1BA1D600E764D8 /* Penalty.swift */,
				068FFD862A1BA1D600E764D8 /* Periods.swift */,
				068FFD872A1BA1D600E764D8 /* FootballResponse.swift */,
				068FFD902A1BA1D700E764D8 /* Score.swift */,
				068FFD8F2A1BA1D700E764D8 /* FotballStatus.swift */,
				068FFD8A2A1BA1D600E764D8 /* FootballTeams.swift */,
				068FFD8B2A1BA1D600E764D8 /* Venue.swift */,
			);
			path = FootballModels;
			sourceTree = "<group>";
		};
		068FFDA62A1BA28000E764D8 /* SportsModels */ = {
			isa = PBXGroup;
			children = (
				06B07CDD2A1E5611009EAA21 /* SportsKindsModels */,
				068FFDA52A1BA24F00E764D8 /* FootballModels */,
				06506B742A1CDDC300E88FA0 /* BaseballModels */,
				06B07CCC2A1E5277009EAA21 /* BasketballModels */,
				06B07CDE2A1E5F5D009EAA21 /* HandballModels */,
				06B07CFF2A1E72AC009EAA21 /* HockeyModels */,
				06B07D022A1E7851009EAA21 /* VolleyballModels */,
			);
			path = SportsModels;
			sourceTree = "<group>";
		};
		06982BB72A0D0E2A007284BC /* AppResources */ = {
			isa = PBXGroup;
			children = (
				06DAC7B32A128E1F0086CC41 /* GoogleService-Info.plist */,
				06DAC7AF2A127DB50086CC41 /* Validator.swift */,
				06BE2C0E2A0C52CD0003C875 /* Constants.swift */,
				06BE2C042A0C4CB60003C875 /* Fonts */,
				06BE2BF92A0C4C570003C875 /* Assets.xcassets */,
				06BE2BF22A0C4C550003C875 /* SceneDelegate.swift */,
				06BE2BF02A0C4C550003C875 /* AppDelegate.swift */,
			);
			path = AppResources;
			sourceTree = "<group>";
		};
		06982BB82A0D0E49007284BC /* Extensions */ = {
			isa = PBXGroup;
			children = (
				06BE2C102A0C55310003C875 /* Extension + UIView.swift */,
				06982BC62A0D1EDB007284BC /* Extension + UIColor.swift */,
				063DBC7B2A165A5A00406059 /* Extension + String.swift */,
				0633A6332A18F17900A027E5 /* Extension + UICollectionView.swift */,
			);
			path = Extensions;
			sourceTree = "<group>";
		};
		06982BB92A0D0E53007284BC /* Controllers */ = {
			isa = PBXGroup;
			children = (
				0635A5B82A13CF25003CBE55 /* AuthViewControllers */,
				0635A5B92A13CF46003CBE55 /* Core */,
				063617282A260EA500D30F55 /* DetailNewsController */,
			);
			path = Controllers;
			sourceTree = "<group>";
		};
		06982BBC2A0D0EA8007284BC /* Router */ = {
			isa = PBXGroup;
			children = (
				06982BBD2A0D0EB6007284BC /* Router.swift */,
				06982BBF2A0D0EEC007284BC /* MainRouter.swift */,
			);
			path = Router;
			sourceTree = "<group>";
		};
		06982BC32A0D1671007284BC /* Views */ = {
			isa = PBXGroup;
			children = (
				06A6B4522A150B5800CFFB33 /* AuthViews */,
				06A6B4632A15190000CFFB33 /* NewsViews */,
				0633A62D2A18E4C200A027E5 /* GamesViews */,
			);
			path = Views;
			sourceTree = "<group>";
		};
		06A6B4522A150B5800CFFB33 /* AuthViews */ = {
			isa = PBXGroup;
			children = (
				06982BC42A0D1682007284BC /* CustomTextField.swift */,
				068DD22E2A0F9FE60000913B /* EyeButton.swift */,
				068DD2342A0FCF8F0000913B /* CustomActionButton.swift */,
				068DD2362A0FD8190000913B /* CustomSocialsButton.swift */,
			);
			path = AuthViews;
			sourceTree = "<group>";
		};
		06A6B4552A150BF000CFFB33 /* AuthModels */ = {
			isa = PBXGroup;
			children = (
				06DAC7AB2A1268960086CC41 /* RegisterUserInfo.swift */,
				06DAC7AD2A1273B80086CC41 /* SignInUserInfo.swift */,
			);
			path = AuthModels;
			sourceTree = "<group>";
		};
		06A6B4562A150C0000CFFB33 /* NewsModels */ = {
			isa = PBXGroup;
			children = (
				06A6B4532A150BD600CFFB33 /* News.swift */,
				06A6B45F2A15146900CFFB33 /* NewsArticle.swift */,
				06A6B4592A150C8400CFFB33 /* NewsSource.swift */,
			);
			path = NewsModels;
			sourceTree = "<group>";
		};
		06A6B45B2A150EE000CFFB33 /* AuthManagers */ = {
			isa = PBXGroup;
			children = (
				06DAC7A82A12679C0086CC41 /* AuthNetworkManager.swift */,
				06DAC7B12A1289E40086CC41 /* AlertManager.swift */,
			);
			path = AuthManagers;
			sourceTree = "<group>";
		};
		06A6B45C2A150EF100CFFB33 /* NewsManager */ = {
			isa = PBXGroup;
			children = (
				06A6B45D2A150F0500CFFB33 /* NewsNetworkManager.swift */,
			);
			path = NewsManager;
			sourceTree = "<group>";
		};
		06A6B4632A15190000CFFB33 /* NewsViews */ = {
			isa = PBXGroup;
			children = (
				06A6B4642A15193300CFFB33 /* NewsTableViewCell.swift */,
				06F546722A2502F4001779FF /* CustomScrollUpButton.swift */,
			);
			path = NewsViews;
			sourceTree = "<group>";
		};
		06B07CCC2A1E5277009EAA21 /* BasketballModels */ = {
			isa = PBXGroup;
			children = (
				06B07CEF2A1E6CDC009EAA21 /* MainBasketball.swift */,
				06B07CF12A1E6E24009EAA21 /* BasketballParameters.swift */,
				06B07CF32A1E6E34009EAA21 /* BasketballResponse.swift */,
				06B07CF52A1E6E46009EAA21 /* BasketballCountry.swift */,
				06B07CF72A1E6E5A009EAA21 /* BasketballLeague.swift */,
				06B07CF92A1E6E6E009EAA21 /* BasketballScores.swift */,
				06B07CFB2A1E6E96009EAA21 /* BasketballTeams.swift */,
			);
			path = BasketballModels;
			sourceTree = "<group>";
		};
		06B07CDD2A1E5611009EAA21 /* SportsKindsModels */ = {
			isa = PBXGroup;
			children = (
				0633A6312A18E73C00A027E5 /* Sport.swift */,
			);
			path = SportsKindsModels;
			sourceTree = "<group>";
		};
		06B07CDE2A1E5F5D009EAA21 /* HandballModels */ = {
			isa = PBXGroup;
			children = (
				06B07CFD2A1E6EC8009EAA21 /* MainHandball.swift */,
			);
			path = HandballModels;
			sourceTree = "<group>";
		};
		06B07CFF2A1E72AC009EAA21 /* HockeyModels */ = {
			isa = PBXGroup;
			children = (
				06B07D002A1E72D5009EAA21 /* MainHockey.swift */,
			);
			path = HockeyModels;
			sourceTree = "<group>";
		};
		06B07D022A1E7851009EAA21 /* VolleyballModels */ = {
			isa = PBXGroup;
			children = (
				06B07D032A1E7878009EAA21 /* MainVolleyball.swift */,
			);
			path = VolleyballModels;
			sourceTree = "<group>";
		};
		06BE2BE42A0C4C550003C875 = {
			isa = PBXGroup;
			children = (
				06BE2BEF2A0C4C550003C875 /* BetMate */,
				06BE2BEE2A0C4C550003C875 /* Products */,
			);
			sourceTree = "<group>";
		};
		06BE2BEE2A0C4C550003C875 /* Products */ = {
			isa = PBXGroup;
			children = (
				06BE2BED2A0C4C550003C875 /* BetMate.app */,
			);
			name = Products;
			sourceTree = "<group>";
		};
		06BE2BEF2A0C4C550003C875 /* BetMate */ = {
			isa = PBXGroup;
			children = (
				06EEC8202A238CCE00525723 /* Coordinator */,
				06DAC7AA2A1268830086CC41 /* Models */,
				06982BC32A0D1671007284BC /* Views */,
				061C90E42A1388C100A8078C /* ViewModel */,
				06982BB92A0D0E53007284BC /* Controllers */,
				06DAC7A72A12676C0086CC41 /* Managers */,
				06982BBC2A0D0EA8007284BC /* Router */,
				06982BB82A0D0E49007284BC /* Extensions */,
				06982BB72A0D0E2A007284BC /* AppResources */,
				06BE2BFB2A0C4C570003C875 /* LaunchScreen.storyboard */,
				06BE2BFE2A0C4C570003C875 /* Info.plist */,
			);
			path = BetMate;
			sourceTree = "<group>";
		};
		06BE2C042A0C4CB60003C875 /* Fonts */ = {
			isa = PBXGroup;
			children = (
				06BE2C092A0C4DD10003C875 /* Exo-Bold.ttf */,
				06BE2C072A0C4DC30003C875 /* Exo-SemiBold.ttf */,
				06BE2C052A0C4DB10003C875 /* Exo-Medium.ttf */,
			);
			path = Fonts;
			sourceTree = "<group>";
		};
		06DAC7A72A12676C0086CC41 /* Managers */ = {
			isa = PBXGroup;
			children = (
				06A6B45B2A150EE000CFFB33 /* AuthManagers */,
				06A6B45C2A150EF100CFFB33 /* NewsManager */,
				0633A6352A190AF500A027E5 /* SportsManager */,
			);
			path = Managers;
			sourceTree = "<group>";
		};
		06DAC7AA2A1268830086CC41 /* Models */ = {
			isa = PBXGroup;
			children = (
				06A6B4552A150BF000CFFB33 /* AuthModels */,
				06A6B4562A150C0000CFFB33 /* NewsModels */,
				0633A6302A18E72200A027E5 /* GamesModels */,
				068FFDA62A1BA28000E764D8 /* SportsModels */,
			);
			path = Models;
			sourceTree = "<group>";
		};
		06EEC8202A238CCE00525723 /* Coordinator */ = {
			isa = PBXGroup;
			children = (
				06EEC8212A238CDE00525723 /* Coordinator.swift */,
				06EEC8232A238DD300525723 /* AppCoordinator.swift */,
				06EEC8252A238ECB00525723 /* AuthCoordinator.swift */,
				0624BE202A24DA8D000F04E9 /* TabBarCoordinator.swift */,
				0624BE222A24DCFA000F04E9 /* NewsCoordinator.swift */,
				0624BE242A24DE5B000F04E9 /* GamesCoordinator.swift */,
				0624BE262A24DE8E000F04E9 /* ProfileCoordinator.swift */,
			);
			path = Coordinator;
			sourceTree = "<group>";
		};
/* End PBXGroup section */

/* Begin PBXNativeTarget section */
		06BE2BEC2A0C4C550003C875 /* BetMate */ = {
			isa = PBXNativeTarget;
			buildConfigurationList = 06BE2C012A0C4C570003C875 /* Build configuration list for PBXNativeTarget "BetMate" */;
			buildPhases = (
				06BE2BE92A0C4C550003C875 /* Sources */,
				06BE2BEA2A0C4C550003C875 /* Frameworks */,
				06BE2BEB2A0C4C550003C875 /* Resources */,
			);
			buildRules = (
			);
			dependencies = (
			);
			name = BetMate;
			packageProductDependencies = (
				06BE2C0C2A0C4EAD0003C875 /* SnapKit */,
				06F75A9F2A1134C7000A174B /* FirebaseAnalytics */,
				06F75AA12A1134C7000A174B /* FirebaseAnalyticsOnDeviceConversion */,
				06F75AA32A1134C7000A174B /* FirebaseAnalyticsSwift */,
				06F75AA52A1134C7000A174B /* FirebaseAnalyticsWithoutAdIdSupport */,
				06F75AA72A1134C7000A174B /* FirebaseAppCheck */,
				06F75AA92A1134C7000A174B /* FirebaseAppDistribution-Beta */,
				06F75AAB2A1134C7000A174B /* FirebaseAuth */,
				06F75AAD2A1134C7000A174B /* FirebaseAuthCombine-Community */,
				06F75AAF2A1134C7000A174B /* FirebaseCrashlytics */,
				06F75AB12A1134C7000A174B /* FirebaseDatabase */,
				06F75AB32A1134C7000A174B /* FirebaseDatabaseSwift */,
				06F75AB52A1134C7000A174B /* FirebaseDynamicLinks */,
				06F75AB72A1134C7000A174B /* FirebaseFirestore */,
				06F75AB92A1134C7000A174B /* FirebaseFirestoreCombine-Community */,
				06F75ABB2A1134C7000A174B /* FirebaseFirestoreSwift */,
				06F75ABD2A1134C7000A174B /* FirebaseFunctions */,
				06F75ABF2A1134C7000A174B /* FirebaseFunctionsCombine-Community */,
				06F75AC12A1134C7000A174B /* FirebaseInAppMessaging-Beta */,
				06F75AC32A1134C7000A174B /* FirebaseInAppMessagingSwift-Beta */,
				06F75AC52A1134C7000A174B /* FirebaseInstallations */,
				06F75AC72A1134C7000A174B /* FirebaseMLModelDownloader */,
				06F75AC92A1134C7000A174B /* FirebaseMessaging */,
				06F75ACB2A1134C7000A174B /* FirebasePerformance */,
				06F75ACD2A1134C7000A174B /* FirebaseRemoteConfig */,
				06F75ACF2A1134C7000A174B /* FirebaseRemoteConfigSwift */,
				06F75AD12A1134C7000A174B /* FirebaseStorage */,
				06F75AD32A1134C7000A174B /* FirebaseStorageCombine-Community */,
				06DAC7B62A129B150086CC41 /* GoogleSignIn */,
				06DAC7B82A129B150086CC41 /* GoogleSignInSwift */,
				06A6B4672A151C4400CFFB33 /* SDWebImage */,
			);
			productName = BetMate;
			productReference = 06BE2BED2A0C4C550003C875 /* BetMate.app */;
			productType = "com.apple.product-type.application";
		};
/* End PBXNativeTarget section */

/* Begin PBXProject section */
		06BE2BE52A0C4C550003C875 /* Project object */ = {
			isa = PBXProject;
			attributes = {
				BuildIndependentTargetsInParallel = 1;
				LastSwiftUpdateCheck = 1430;
				LastUpgradeCheck = 1430;
				TargetAttributes = {
					06BE2BEC2A0C4C550003C875 = {
						CreatedOnToolsVersion = 14.3;
					};
				};
			};
			buildConfigurationList = 06BE2BE82A0C4C550003C875 /* Build configuration list for PBXProject "BetMate" */;
			compatibilityVersion = "Xcode 14.0";
			developmentRegion = en;
			hasScannedForEncodings = 0;
			knownRegions = (
				en,
				Base,
			);
			mainGroup = 06BE2BE42A0C4C550003C875;
			packageReferences = (
				06BE2C0B2A0C4EAD0003C875 /* XCRemoteSwiftPackageReference "SnapKit" */,
				06F75A9E2A1134C7000A174B /* XCRemoteSwiftPackageReference "firebase-ios-sdk" */,
				06DAC7B52A129B150086CC41 /* XCRemoteSwiftPackageReference "GoogleSignIn-iOS" */,
				06A6B4662A151C4400CFFB33 /* XCRemoteSwiftPackageReference "SDWebImage" */,
			);
			productRefGroup = 06BE2BEE2A0C4C550003C875 /* Products */;
			projectDirPath = "";
			projectRoot = "";
			targets = (
				06BE2BEC2A0C4C550003C875 /* BetMate */,
			);
		};
/* End PBXProject section */

/* Begin PBXResourcesBuildPhase section */
		06BE2BEB2A0C4C550003C875 /* Resources */ = {
			isa = PBXResourcesBuildPhase;
			buildActionMask = 2147483647;
			files = (
				06BE2C0A2A0C4DD10003C875 /* Exo-Bold.ttf in Resources */,
				06BE2C062A0C4DB10003C875 /* Exo-Medium.ttf in Resources */,
				06BE2BFD2A0C4C570003C875 /* LaunchScreen.storyboard in Resources */,
				06BE2BFA2A0C4C570003C875 /* Assets.xcassets in Resources */,
				06BE2C082A0C4DC30003C875 /* Exo-SemiBold.ttf in Resources */,
				06DAC7B42A128E1F0086CC41 /* GoogleService-Info.plist in Resources */,
			);
			runOnlyForDeploymentPostprocessing = 0;
		};
/* End PBXResourcesBuildPhase section */

/* Begin PBXSourcesBuildPhase section */
		06BE2BE92A0C4C550003C875 /* Sources */ = {
			isa = PBXSourcesBuildPhase;
			buildActionMask = 2147483647;
			files = (
				068FFD9C2A1BA1D700E764D8 /* FootballTeams.swift in Sources */,
				06982BBE2A0D0EB6007284BC /* Router.swift in Sources */,
				06A6B45E2A150F0500CFFB33 /* NewsNetworkManager.swift in Sources */,
				06DAC7AE2A1273B80086CC41 /* SignInUserInfo.swift in Sources */,
				06506B9B2A1CEDDB00E88FA0 /* BasebalTeams.swift in Sources */,
				06B07CFA2A1E6E6E009EAA21 /* BasketballScores.swift in Sources */,
				068FFD9B2A1BA1D700E764D8 /* Extratime.swift in Sources */,
				068FFDA12A1BA1D700E764D8 /* FotballStatus.swift in Sources */,
				0624BE272A24DE8E000F04E9 /* ProfileCoordinator.swift in Sources */,
				06B07D042A1E7878009EAA21 /* MainVolleyball.swift in Sources */,
				0624BE252A24DE5B000F04E9 /* GamesCoordinator.swift in Sources */,
				06506B912A1CED1800E88FA0 /* BaseballResponse.swift in Sources */,
				06EEC82C2A23A22300525723 /* ForgotPassViewModel.swift in Sources */,
				068DD2372A0FD8190000913B /* CustomSocialsButton.swift in Sources */,
				068FFDA02A1BA1D700E764D8 /* FotballLeague.swift in Sources */,
				068FFD992A1BA1D700E764D8 /* FootballResponse.swift in Sources */,
				06506B972A1CED8100E88FA0 /* Scores.swift in Sources */,
				06A6B4652A15193300CFFB33 /* NewsTableViewCell.swift in Sources */,
				068FFD9F2A1BA1D700E764D8 /* Halftime.swift in Sources */,
				06506B952A1CED5F00E88FA0 /* BaseballLeague.swift in Sources */,
				068FFD952A1BA1D700E764D8 /* Penalty.swift in Sources */,
				06EEC82A2A239F2800525723 /* RegistryViewModel.swift in Sources */,
				0633A62C2A18E07900A027E5 /* GamesViewModel.swift in Sources */,
				06982BC52A0D1682007284BC /* CustomTextField.swift in Sources */,
				06982BB62A0D0E22007284BC /* LoginViewController.swift in Sources */,
				068FFDA42A1BA1D700E764D8 /* Parameters.swift in Sources */,
				061C90E62A13890900A8078C /* LoginViewModel.swift in Sources */,
				06A6B4622A1515C800CFFB33 /* NewsViewModel.swift in Sources */,
				0635A5BD2A13D06C003CBE55 /* ProfileViewController.swift in Sources */,
				068FFD9A2A1BA1D700E764D8 /* FotballFixture.swift in Sources */,
				06506B8D2A1CEBF500E88FA0 /* MainBaseball.swift in Sources */,
				06DAC7B22A1289E40086CC41 /* AlertManager.swift in Sources */,
				06982BBB2A0D0E6A007284BC /* RegistryViewController.swift in Sources */,
				06A6B45A2A150C8400CFFB33 /* NewsSource.swift in Sources */,
				06BE2BF52A0C4C550003C875 /* OnboardingViewController.swift in Sources */,
				0624BE232A24DCFA000F04E9 /* NewsCoordinator.swift in Sources */,
				06EEC8282A2394AF00525723 /* OnboardingViewModel.swift in Sources */,
				068DD22F2A0F9FE60000913B /* EyeButton.swift in Sources */,
				0635A5BB2A13D05C003CBE55 /* GamesViewController.swift in Sources */,
				06982BC72A0D1EDB007284BC /* Extension + UIColor.swift in Sources */,
				06B07CF42A1E6E34009EAA21 /* BasketballResponse.swift in Sources */,
				0635A5BF2A13D124003CBE55 /* TabBarViewController.swift in Sources */,
				063DBC7C2A165A5A00406059 /* Extension + String.swift in Sources */,
				06B07D012A1E72D5009EAA21 /* MainHockey.swift in Sources */,
				0624BE212A24DA8D000F04E9 /* TabBarCoordinator.swift in Sources */,
				06EEC8242A238DD300525723 /* AppCoordinator.swift in Sources */,
				068FFD942A1BA1D700E764D8 /* Goals.swift in Sources */,
				068FFD932A1BA1D700E764D8 /* MainFootball.swift in Sources */,
				06BE2C112A0C55310003C875 /* Extension + UIView.swift in Sources */,
				068FFDA32A1BA1D700E764D8 /* Paging.swift in Sources */,
				0633A6322A18E73C00A027E5 /* Sport.swift in Sources */,
				06EEC8222A238CDE00525723 /* Coordinator.swift in Sources */,
				0633A6342A18F17900A027E5 /* Extension + UICollectionView.swift in Sources */,
				06F546732A2502F4001779FF /* CustomScrollUpButton.swift in Sources */,
				06BE2BF12A0C4C550003C875 /* AppDelegate.swift in Sources */,
				068FFDA22A1BA1D700E764D8 /* Score.swift in Sources */,
				0633A62F2A18E4EA00A027E5 /* SportsCollectionViewCell.swift in Sources */,
				06A6B4602A15146900CFFB33 /* NewsArticle.swift in Sources */,
				068DD2352A0FCF8F0000913B /* CustomActionButton.swift in Sources */,
				0633A6372A190B2700A027E5 /* SportsNetworkManager.swift in Sources */,
				06DAC7B02A127DB50086CC41 /* Validator.swift in Sources */,
				06982BC22A0D0F41007284BC /* ForgotPasswordViewController.swift in Sources */,
				06B07CF02A1E6CDC009EAA21 /* MainBasketball.swift in Sources */,
				06EEC8262A238ECB00525723 /* AuthCoordinator.swift in Sources */,
				06BE2BF32A0C4C550003C875 /* SceneDelegate.swift in Sources */,
				06B07CFC2A1E6E96009EAA21 /* BasketballTeams.swift in Sources */,
				06B07CF62A1E6E46009EAA21 /* BasketballCountry.swift in Sources */,
				068FFD9D2A1BA1D700E764D8 /* Venue.swift in Sources */,
				06BE2C0F2A0C52CD0003C875 /* Constants.swift in Sources */,
				06B07CF82A1E6E5A009EAA21 /* BasketballLeague.swift in Sources */,
				068FFD962A1BA1D700E764D8 /* Fulltime.swift in Sources */,
				06DAC7A92A12679C0086CC41 /* AuthNetworkManager.swift in Sources */,
				06A6B4542A150BD600CFFB33 /* News.swift in Sources */,
				068FFD9E2A1BA1D700E764D8 /* FootballAway.swift in Sources */,
				06982BC02A0D0EEC007284BC /* MainRouter.swift in Sources */,
				06B07CFE2A1E6EC8009EAA21 /* MainHandball.swift in Sources */,
				0636172A2A2610DC00D30F55 /* DetailNewsViewController.swift in Sources */,
				068FFD972A1BA1D700E764D8 /* FootbalHome.swift in Sources */,
				06DAC7AC2A1268960086CC41 /* RegisterUserInfo.swift in Sources */,
				0675BDDB2A1A8BCC00985D3E /* GamesTableViewCell.swift in Sources */,
				06506B8F2A1CECD600E88FA0 /* BaseballParameters.swift in Sources */,
				068FFD982A1BA1D700E764D8 /* Periods.swift in Sources */,
				06B07CF22A1E6E24009EAA21 /* BasketballParameters.swift in Sources */,
				06F75A9D2A11320D000A174B /* NewsViewController.swift in Sources */,
			);
			runOnlyForDeploymentPostprocessing = 0;
		};
/* End PBXSourcesBuildPhase section */

/* Begin PBXVariantGroup section */
		06BE2BFB2A0C4C570003C875 /* LaunchScreen.storyboard */ = {
			isa = PBXVariantGroup;
			children = (
				06BE2BFC2A0C4C570003C875 /* Base */,
			);
			name = LaunchScreen.storyboard;
			sourceTree = "<group>";
		};
/* End PBXVariantGroup section */

/* Begin XCBuildConfiguration section */
		06BE2BFF2A0C4C570003C875 /* Debug */ = {
			isa = XCBuildConfiguration;
			buildSettings = {
				ALWAYS_SEARCH_USER_PATHS = NO;
				CLANG_ANALYZER_NONNULL = YES;
				CLANG_ANALYZER_NUMBER_OBJECT_CONVERSION = YES_AGGRESSIVE;
				CLANG_CXX_LANGUAGE_STANDARD = "gnu++20";
				CLANG_ENABLE_MODULES = YES;
				CLANG_ENABLE_OBJC_ARC = YES;
				CLANG_ENABLE_OBJC_WEAK = YES;
				CLANG_WARN_BLOCK_CAPTURE_AUTORELEASING = YES;
				CLANG_WARN_BOOL_CONVERSION = YES;
				CLANG_WARN_COMMA = YES;
				CLANG_WARN_CONSTANT_CONVERSION = YES;
				CLANG_WARN_DEPRECATED_OBJC_IMPLEMENTATIONS = YES;
				CLANG_WARN_DIRECT_OBJC_ISA_USAGE = YES_ERROR;
				CLANG_WARN_DOCUMENTATION_COMMENTS = YES;
				CLANG_WARN_EMPTY_BODY = YES;
				CLANG_WARN_ENUM_CONVERSION = YES;
				CLANG_WARN_INFINITE_RECURSION = YES;
				CLANG_WARN_INT_CONVERSION = YES;
				CLANG_WARN_NON_LITERAL_NULL_CONVERSION = YES;
				CLANG_WARN_OBJC_IMPLICIT_RETAIN_SELF = YES;
				CLANG_WARN_OBJC_LITERAL_CONVERSION = YES;
				CLANG_WARN_OBJC_ROOT_CLASS = YES_ERROR;
				CLANG_WARN_QUOTED_INCLUDE_IN_FRAMEWORK_HEADER = YES;
				CLANG_WARN_RANGE_LOOP_ANALYSIS = YES;
				CLANG_WARN_STRICT_PROTOTYPES = YES;
				CLANG_WARN_SUSPICIOUS_MOVE = YES;
				CLANG_WARN_UNGUARDED_AVAILABILITY = YES_AGGRESSIVE;
				CLANG_WARN_UNREACHABLE_CODE = YES;
				CLANG_WARN__DUPLICATE_METHOD_MATCH = YES;
				COPY_PHASE_STRIP = NO;
				DEBUG_INFORMATION_FORMAT = dwarf;
				ENABLE_STRICT_OBJC_MSGSEND = YES;
				ENABLE_TESTABILITY = YES;
				GCC_C_LANGUAGE_STANDARD = gnu11;
				GCC_DYNAMIC_NO_PIC = NO;
				GCC_NO_COMMON_BLOCKS = YES;
				GCC_OPTIMIZATION_LEVEL = 0;
				GCC_PREPROCESSOR_DEFINITIONS = (
					"DEBUG=1",
					"$(inherited)",
				);
				GCC_WARN_64_TO_32_BIT_CONVERSION = YES;
				GCC_WARN_ABOUT_RETURN_TYPE = YES_ERROR;
				GCC_WARN_UNDECLARED_SELECTOR = YES;
				GCC_WARN_UNINITIALIZED_AUTOS = YES_AGGRESSIVE;
				GCC_WARN_UNUSED_FUNCTION = YES;
				GCC_WARN_UNUSED_VARIABLE = YES;
				IPHONEOS_DEPLOYMENT_TARGET = 16.4;
				MTL_ENABLE_DEBUG_INFO = INCLUDE_SOURCE;
				MTL_FAST_MATH = YES;
				ONLY_ACTIVE_ARCH = YES;
				SDKROOT = iphoneos;
				SWIFT_ACTIVE_COMPILATION_CONDITIONS = DEBUG;
				SWIFT_OPTIMIZATION_LEVEL = "-Onone";
			};
			name = Debug;
		};
		06BE2C002A0C4C570003C875 /* Release */ = {
			isa = XCBuildConfiguration;
			buildSettings = {
				ALWAYS_SEARCH_USER_PATHS = NO;
				CLANG_ANALYZER_NONNULL = YES;
				CLANG_ANALYZER_NUMBER_OBJECT_CONVERSION = YES_AGGRESSIVE;
				CLANG_CXX_LANGUAGE_STANDARD = "gnu++20";
				CLANG_ENABLE_MODULES = YES;
				CLANG_ENABLE_OBJC_ARC = YES;
				CLANG_ENABLE_OBJC_WEAK = YES;
				CLANG_WARN_BLOCK_CAPTURE_AUTORELEASING = YES;
				CLANG_WARN_BOOL_CONVERSION = YES;
				CLANG_WARN_COMMA = YES;
				CLANG_WARN_CONSTANT_CONVERSION = YES;
				CLANG_WARN_DEPRECATED_OBJC_IMPLEMENTATIONS = YES;
				CLANG_WARN_DIRECT_OBJC_ISA_USAGE = YES_ERROR;
				CLANG_WARN_DOCUMENTATION_COMMENTS = YES;
				CLANG_WARN_EMPTY_BODY = YES;
				CLANG_WARN_ENUM_CONVERSION = YES;
				CLANG_WARN_INFINITE_RECURSION = YES;
				CLANG_WARN_INT_CONVERSION = YES;
				CLANG_WARN_NON_LITERAL_NULL_CONVERSION = YES;
				CLANG_WARN_OBJC_IMPLICIT_RETAIN_SELF = YES;
				CLANG_WARN_OBJC_LITERAL_CONVERSION = YES;
				CLANG_WARN_OBJC_ROOT_CLASS = YES_ERROR;
				CLANG_WARN_QUOTED_INCLUDE_IN_FRAMEWORK_HEADER = YES;
				CLANG_WARN_RANGE_LOOP_ANALYSIS = YES;
				CLANG_WARN_STRICT_PROTOTYPES = YES;
				CLANG_WARN_SUSPICIOUS_MOVE = YES;
				CLANG_WARN_UNGUARDED_AVAILABILITY = YES_AGGRESSIVE;
				CLANG_WARN_UNREACHABLE_CODE = YES;
				CLANG_WARN__DUPLICATE_METHOD_MATCH = YES;
				COPY_PHASE_STRIP = NO;
				DEBUG_INFORMATION_FORMAT = "dwarf-with-dsym";
				ENABLE_NS_ASSERTIONS = NO;
				ENABLE_STRICT_OBJC_MSGSEND = YES;
				GCC_C_LANGUAGE_STANDARD = gnu11;
				GCC_NO_COMMON_BLOCKS = YES;
				GCC_WARN_64_TO_32_BIT_CONVERSION = YES;
				GCC_WARN_ABOUT_RETURN_TYPE = YES_ERROR;
				GCC_WARN_UNDECLARED_SELECTOR = YES;
				GCC_WARN_UNINITIALIZED_AUTOS = YES_AGGRESSIVE;
				GCC_WARN_UNUSED_FUNCTION = YES;
				GCC_WARN_UNUSED_VARIABLE = YES;
				IPHONEOS_DEPLOYMENT_TARGET = 16.4;
				MTL_ENABLE_DEBUG_INFO = NO;
				MTL_FAST_MATH = YES;
				SDKROOT = iphoneos;
				SWIFT_COMPILATION_MODE = wholemodule;
				SWIFT_OPTIMIZATION_LEVEL = "-O";
				VALIDATE_PRODUCT = YES;
			};
			name = Release;
		};
		06BE2C022A0C4C570003C875 /* Debug */ = {
			isa = XCBuildConfiguration;
			buildSettings = {
				ASSETCATALOG_COMPILER_APPICON_NAME = AppIcon;
				ASSETCATALOG_COMPILER_GLOBAL_ACCENT_COLOR_NAME = AccentColor;
				CODE_SIGN_STYLE = Automatic;
				CURRENT_PROJECT_VERSION = 1;
				DEVELOPMENT_TEAM = MD9SFH54JC;
				GENERATE_INFOPLIST_FILE = YES;
				INFOPLIST_FILE = BetMate/Info.plist;
				INFOPLIST_KEY_UIApplicationSupportsIndirectInputEvents = YES;
				INFOPLIST_KEY_UILaunchStoryboardName = LaunchScreen;
				INFOPLIST_KEY_UISupportedInterfaceOrientations_iPad = "UIInterfaceOrientationPortrait UIInterfaceOrientationPortraitUpsideDown UIInterfaceOrientationLandscapeLeft UIInterfaceOrientationLandscapeRight";
				INFOPLIST_KEY_UISupportedInterfaceOrientations_iPhone = "UIInterfaceOrientationPortrait UIInterfaceOrientationLandscapeLeft UIInterfaceOrientationLandscapeRight";
				LD_RUNPATH_SEARCH_PATHS = (
					"$(inherited)",
					"@executable_path/Frameworks",
				);
				MARKETING_VERSION = 1.0;
				PRODUCT_BUNDLE_IDENTIFIER = e.docenko.BetMate;
				PRODUCT_NAME = "$(TARGET_NAME)";
				SWIFT_EMIT_LOC_STRINGS = YES;
				SWIFT_VERSION = 5.0;
				TARGETED_DEVICE_FAMILY = "1,2";
			};
			name = Debug;
		};
		06BE2C032A0C4C570003C875 /* Release */ = {
			isa = XCBuildConfiguration;
			buildSettings = {
				ASSETCATALOG_COMPILER_APPICON_NAME = AppIcon;
				ASSETCATALOG_COMPILER_GLOBAL_ACCENT_COLOR_NAME = AccentColor;
				CODE_SIGN_STYLE = Automatic;
				CURRENT_PROJECT_VERSION = 1;
				DEVELOPMENT_TEAM = MD9SFH54JC;
				GENERATE_INFOPLIST_FILE = YES;
				INFOPLIST_FILE = BetMate/Info.plist;
				INFOPLIST_KEY_UIApplicationSupportsIndirectInputEvents = YES;
				INFOPLIST_KEY_UILaunchStoryboardName = LaunchScreen;
				INFOPLIST_KEY_UISupportedInterfaceOrientations_iPad = "UIInterfaceOrientationPortrait UIInterfaceOrientationPortraitUpsideDown UIInterfaceOrientationLandscapeLeft UIInterfaceOrientationLandscapeRight";
				INFOPLIST_KEY_UISupportedInterfaceOrientations_iPhone = "UIInterfaceOrientationPortrait UIInterfaceOrientationLandscapeLeft UIInterfaceOrientationLandscapeRight";
				LD_RUNPATH_SEARCH_PATHS = (
					"$(inherited)",
					"@executable_path/Frameworks",
				);
				MARKETING_VERSION = 1.0;
				PRODUCT_BUNDLE_IDENTIFIER = e.docenko.BetMate;
				PRODUCT_NAME = "$(TARGET_NAME)";
				SWIFT_EMIT_LOC_STRINGS = YES;
				SWIFT_VERSION = 5.0;
				TARGETED_DEVICE_FAMILY = "1,2";
			};
			name = Release;
		};
/* End XCBuildConfiguration section */

/* Begin XCConfigurationList section */
		06BE2BE82A0C4C550003C875 /* Build configuration list for PBXProject "BetMate" */ = {
			isa = XCConfigurationList;
			buildConfigurations = (
				06BE2BFF2A0C4C570003C875 /* Debug */,
				06BE2C002A0C4C570003C875 /* Release */,
			);
			defaultConfigurationIsVisible = 0;
			defaultConfigurationName = Release;
		};
		06BE2C012A0C4C570003C875 /* Build configuration list for PBXNativeTarget "BetMate" */ = {
			isa = XCConfigurationList;
			buildConfigurations = (
				06BE2C022A0C4C570003C875 /* Debug */,
				06BE2C032A0C4C570003C875 /* Release */,
			);
			defaultConfigurationIsVisible = 0;
			defaultConfigurationName = Release;
		};
/* End XCConfigurationList section */

/* Begin XCRemoteSwiftPackageReference section */
		06A6B4662A151C4400CFFB33 /* XCRemoteSwiftPackageReference "SDWebImage" */ = {
			isa = XCRemoteSwiftPackageReference;
			repositoryURL = "https://github.com/SDWebImage/SDWebImage";
			requirement = {
				kind = upToNextMajorVersion;
				minimumVersion = 5.0.0;
			};
		};
		06BE2C0B2A0C4EAD0003C875 /* XCRemoteSwiftPackageReference "SnapKit" */ = {
			isa = XCRemoteSwiftPackageReference;
			repositoryURL = "https://github.com/SnapKit/SnapKit";
			requirement = {
				kind = upToNextMajorVersion;
				minimumVersion = 5.0.0;
			};
		};
		06DAC7B52A129B150086CC41 /* XCRemoteSwiftPackageReference "GoogleSignIn-iOS" */ = {
			isa = XCRemoteSwiftPackageReference;
			repositoryURL = "https://github.com/google/GoogleSignIn-iOS";
			requirement = {
				kind = upToNextMajorVersion;
				minimumVersion = 7.0.0;
			};
		};
		06F75A9E2A1134C7000A174B /* XCRemoteSwiftPackageReference "firebase-ios-sdk" */ = {
			isa = XCRemoteSwiftPackageReference;
			repositoryURL = "https://github.com/firebase/firebase-ios-sdk";
			requirement = {
				kind = upToNextMajorVersion;
				minimumVersion = 10.0.0;
			};
		};
/* End XCRemoteSwiftPackageReference section */

/* Begin XCSwiftPackageProductDependency section */
		06A6B4672A151C4400CFFB33 /* SDWebImage */ = {
			isa = XCSwiftPackageProductDependency;
			package = 06A6B4662A151C4400CFFB33 /* XCRemoteSwiftPackageReference "SDWebImage" */;
			productName = SDWebImage;
		};
		06BE2C0C2A0C4EAD0003C875 /* SnapKit */ = {
			isa = XCSwiftPackageProductDependency;
			package = 06BE2C0B2A0C4EAD0003C875 /* XCRemoteSwiftPackageReference "SnapKit" */;
			productName = SnapKit;
		};
		06DAC7B62A129B150086CC41 /* GoogleSignIn */ = {
			isa = XCSwiftPackageProductDependency;
			package = 06DAC7B52A129B150086CC41 /* XCRemoteSwiftPackageReference "GoogleSignIn-iOS" */;
			productName = GoogleSignIn;
		};
		06DAC7B82A129B150086CC41 /* GoogleSignInSwift */ = {
			isa = XCSwiftPackageProductDependency;
			package = 06DAC7B52A129B150086CC41 /* XCRemoteSwiftPackageReference "GoogleSignIn-iOS" */;
			productName = GoogleSignInSwift;
		};
		06F75A9F2A1134C7000A174B /* FirebaseAnalytics */ = {
			isa = XCSwiftPackageProductDependency;
			package = 06F75A9E2A1134C7000A174B /* XCRemoteSwiftPackageReference "firebase-ios-sdk" */;
			productName = FirebaseAnalytics;
		};
		06F75AA12A1134C7000A174B /* FirebaseAnalyticsOnDeviceConversion */ = {
			isa = XCSwiftPackageProductDependency;
			package = 06F75A9E2A1134C7000A174B /* XCRemoteSwiftPackageReference "firebase-ios-sdk" */;
			productName = FirebaseAnalyticsOnDeviceConversion;
		};
		06F75AA32A1134C7000A174B /* FirebaseAnalyticsSwift */ = {
			isa = XCSwiftPackageProductDependency;
			package = 06F75A9E2A1134C7000A174B /* XCRemoteSwiftPackageReference "firebase-ios-sdk" */;
			productName = FirebaseAnalyticsSwift;
		};
		06F75AA52A1134C7000A174B /* FirebaseAnalyticsWithoutAdIdSupport */ = {
			isa = XCSwiftPackageProductDependency;
			package = 06F75A9E2A1134C7000A174B /* XCRemoteSwiftPackageReference "firebase-ios-sdk" */;
			productName = FirebaseAnalyticsWithoutAdIdSupport;
		};
		06F75AA72A1134C7000A174B /* FirebaseAppCheck */ = {
			isa = XCSwiftPackageProductDependency;
			package = 06F75A9E2A1134C7000A174B /* XCRemoteSwiftPackageReference "firebase-ios-sdk" */;
			productName = FirebaseAppCheck;
		};
		06F75AA92A1134C7000A174B /* FirebaseAppDistribution-Beta */ = {
			isa = XCSwiftPackageProductDependency;
			package = 06F75A9E2A1134C7000A174B /* XCRemoteSwiftPackageReference "firebase-ios-sdk" */;
			productName = "FirebaseAppDistribution-Beta";
		};
		06F75AAB2A1134C7000A174B /* FirebaseAuth */ = {
			isa = XCSwiftPackageProductDependency;
			package = 06F75A9E2A1134C7000A174B /* XCRemoteSwiftPackageReference "firebase-ios-sdk" */;
			productName = FirebaseAuth;
		};
		06F75AAD2A1134C7000A174B /* FirebaseAuthCombine-Community */ = {
			isa = XCSwiftPackageProductDependency;
			package = 06F75A9E2A1134C7000A174B /* XCRemoteSwiftPackageReference "firebase-ios-sdk" */;
			productName = "FirebaseAuthCombine-Community";
		};
		06F75AAF2A1134C7000A174B /* FirebaseCrashlytics */ = {
			isa = XCSwiftPackageProductDependency;
			package = 06F75A9E2A1134C7000A174B /* XCRemoteSwiftPackageReference "firebase-ios-sdk" */;
			productName = FirebaseCrashlytics;
		};
		06F75AB12A1134C7000A174B /* FirebaseDatabase */ = {
			isa = XCSwiftPackageProductDependency;
			package = 06F75A9E2A1134C7000A174B /* XCRemoteSwiftPackageReference "firebase-ios-sdk" */;
			productName = FirebaseDatabase;
		};
		06F75AB32A1134C7000A174B /* FirebaseDatabaseSwift */ = {
			isa = XCSwiftPackageProductDependency;
			package = 06F75A9E2A1134C7000A174B /* XCRemoteSwiftPackageReference "firebase-ios-sdk" */;
			productName = FirebaseDatabaseSwift;
		};
		06F75AB52A1134C7000A174B /* FirebaseDynamicLinks */ = {
			isa = XCSwiftPackageProductDependency;
			package = 06F75A9E2A1134C7000A174B /* XCRemoteSwiftPackageReference "firebase-ios-sdk" */;
			productName = FirebaseDynamicLinks;
		};
		06F75AB72A1134C7000A174B /* FirebaseFirestore */ = {
			isa = XCSwiftPackageProductDependency;
			package = 06F75A9E2A1134C7000A174B /* XCRemoteSwiftPackageReference "firebase-ios-sdk" */;
			productName = FirebaseFirestore;
		};
		06F75AB92A1134C7000A174B /* FirebaseFirestoreCombine-Community */ = {
			isa = XCSwiftPackageProductDependency;
			package = 06F75A9E2A1134C7000A174B /* XCRemoteSwiftPackageReference "firebase-ios-sdk" */;
			productName = "FirebaseFirestoreCombine-Community";
		};
		06F75ABB2A1134C7000A174B /* FirebaseFirestoreSwift */ = {
			isa = XCSwiftPackageProductDependency;
			package = 06F75A9E2A1134C7000A174B /* XCRemoteSwiftPackageReference "firebase-ios-sdk" */;
			productName = FirebaseFirestoreSwift;
		};
		06F75ABD2A1134C7000A174B /* FirebaseFunctions */ = {
			isa = XCSwiftPackageProductDependency;
			package = 06F75A9E2A1134C7000A174B /* XCRemoteSwiftPackageReference "firebase-ios-sdk" */;
			productName = FirebaseFunctions;
		};
		06F75ABF2A1134C7000A174B /* FirebaseFunctionsCombine-Community */ = {
			isa = XCSwiftPackageProductDependency;
			package = 06F75A9E2A1134C7000A174B /* XCRemoteSwiftPackageReference "firebase-ios-sdk" */;
			productName = "FirebaseFunctionsCombine-Community";
		};
		06F75AC12A1134C7000A174B /* FirebaseInAppMessaging-Beta */ = {
			isa = XCSwiftPackageProductDependency;
			package = 06F75A9E2A1134C7000A174B /* XCRemoteSwiftPackageReference "firebase-ios-sdk" */;
			productName = "FirebaseInAppMessaging-Beta";
		};
		06F75AC32A1134C7000A174B /* FirebaseInAppMessagingSwift-Beta */ = {
			isa = XCSwiftPackageProductDependency;
			package = 06F75A9E2A1134C7000A174B /* XCRemoteSwiftPackageReference "firebase-ios-sdk" */;
			productName = "FirebaseInAppMessagingSwift-Beta";
		};
		06F75AC52A1134C7000A174B /* FirebaseInstallations */ = {
			isa = XCSwiftPackageProductDependency;
			package = 06F75A9E2A1134C7000A174B /* XCRemoteSwiftPackageReference "firebase-ios-sdk" */;
			productName = FirebaseInstallations;
		};
		06F75AC72A1134C7000A174B /* FirebaseMLModelDownloader */ = {
			isa = XCSwiftPackageProductDependency;
			package = 06F75A9E2A1134C7000A174B /* XCRemoteSwiftPackageReference "firebase-ios-sdk" */;
			productName = FirebaseMLModelDownloader;
		};
		06F75AC92A1134C7000A174B /* FirebaseMessaging */ = {
			isa = XCSwiftPackageProductDependency;
			package = 06F75A9E2A1134C7000A174B /* XCRemoteSwiftPackageReference "firebase-ios-sdk" */;
			productName = FirebaseMessaging;
		};
		06F75ACB2A1134C7000A174B /* FirebasePerformance */ = {
			isa = XCSwiftPackageProductDependency;
			package = 06F75A9E2A1134C7000A174B /* XCRemoteSwiftPackageReference "firebase-ios-sdk" */;
			productName = FirebasePerformance;
		};
		06F75ACD2A1134C7000A174B /* FirebaseRemoteConfig */ = {
			isa = XCSwiftPackageProductDependency;
			package = 06F75A9E2A1134C7000A174B /* XCRemoteSwiftPackageReference "firebase-ios-sdk" */;
			productName = FirebaseRemoteConfig;
		};
		06F75ACF2A1134C7000A174B /* FirebaseRemoteConfigSwift */ = {
			isa = XCSwiftPackageProductDependency;
			package = 06F75A9E2A1134C7000A174B /* XCRemoteSwiftPackageReference "firebase-ios-sdk" */;
			productName = FirebaseRemoteConfigSwift;
		};
		06F75AD12A1134C7000A174B /* FirebaseStorage */ = {
			isa = XCSwiftPackageProductDependency;
			package = 06F75A9E2A1134C7000A174B /* XCRemoteSwiftPackageReference "firebase-ios-sdk" */;
			productName = FirebaseStorage;
		};
		06F75AD32A1134C7000A174B /* FirebaseStorageCombine-Community */ = {
			isa = XCSwiftPackageProductDependency;
			package = 06F75A9E2A1134C7000A174B /* XCRemoteSwiftPackageReference "firebase-ios-sdk" */;
			productName = "FirebaseStorageCombine-Community";
		};
/* End XCSwiftPackageProductDependency section */
	};
	rootObject = 06BE2BE52A0C4C550003C875 /* Project object */;
}
