// !$*UTF8*$!
{
	archiveVersion = 1;
	classes = {
	};
	objectVersion = 56;
	objects = {

/* Begin PBXBuildFile section */
		06BE2BF12A0C4C550003C875 /* AppDelegate.swift in Sources */ = {isa = PBXBuildFile; fileRef = 06BE2BF02A0C4C550003C875 /* AppDelegate.swift */; };
		06BE2BF32A0C4C550003C875 /* SceneDelegate.swift in Sources */ = {isa = PBXBuildFile; fileRef = 06BE2BF22A0C4C550003C875 /* SceneDelegate.swift */; };
		06BE2BF52A0C4C550003C875 /* OnboardingViewController.swift in Sources */ = {isa = PBXBuildFile; fileRef = 06BE2BF42A0C4C550003C875 /* OnboardingViewController.swift */; };
		06BE2BFA2A0C4C570003C875 /* Assets.xcassets in Resources */ = {isa = PBXBuildFile; fileRef = 06BE2BF92A0C4C570003C875 /* Assets.xcassets */; };
		06BE2BFD2A0C4C570003C875 /* LaunchScreen.storyboard in Resources */ = {isa = PBXBuildFile; fileRef = 06BE2BFB2A0C4C570003C875 /* LaunchScreen.storyboard */; };
		06BE2C062A0C4DB10003C875 /* Exo-Medium.ttf in Resources */ = {isa = PBXBuildFile; fileRef = 06BE2C052A0C4DB10003C875 /* Exo-Medium.ttf */; };
		06BE2C082A0C4DC30003C875 /* Exo-SemiBold.ttf in Resources */ = {isa = PBXBuildFile; fileRef = 06BE2C072A0C4DC30003C875 /* Exo-SemiBold.ttf */; };
		06BE2C0A2A0C4DD10003C875 /* Exo-Bold.ttf in Resources */ = {isa = PBXBuildFile; fileRef = 06BE2C092A0C4DD10003C875 /* Exo-Bold.ttf */; };
		06BE2C0D2A0C4EAD0003C875 /* SnapKit in Frameworks */ = {isa = PBXBuildFile; productRef = 06BE2C0C2A0C4EAD0003C875 /* SnapKit */; };
		06BE2C0F2A0C52CD0003C875 /* Constants.swift in Sources */ = {isa = PBXBuildFile; fileRef = 06BE2C0E2A0C52CD0003C875 /* Constants.swift */; };
		06BE2C112A0C55310003C875 /* Extension + UIView.swift in Sources */ = {isa = PBXBuildFile; fileRef = 06BE2C102A0C55310003C875 /* Extension + UIView.swift */; };
/* End PBXBuildFile section */

/* Begin PBXFileReference section */
		06BE2BED2A0C4C550003C875 /* BetMate.app */ = {isa = PBXFileReference; explicitFileType = wrapper.application; includeInIndex = 0; path = BetMate.app; sourceTree = BUILT_PRODUCTS_DIR; };
		06BE2BF02A0C4C550003C875 /* AppDelegate.swift */ = {isa = PBXFileReference; lastKnownFileType = sourcecode.swift; path = AppDelegate.swift; sourceTree = "<group>"; };
		06BE2BF22A0C4C550003C875 /* SceneDelegate.swift */ = {isa = PBXFileReference; lastKnownFileType = sourcecode.swift; path = SceneDelegate.swift; sourceTree = "<group>"; };
		06BE2BF42A0C4C550003C875 /* OnboardingViewController.swift */ = {isa = PBXFileReference; lastKnownFileType = sourcecode.swift; path = OnboardingViewController.swift; sourceTree = "<group>"; };
		06BE2BF92A0C4C570003C875 /* Assets.xcassets */ = {isa = PBXFileReference; lastKnownFileType = folder.assetcatalog; path = Assets.xcassets; sourceTree = "<group>"; };
		06BE2BFC2A0C4C570003C875 /* Base */ = {isa = PBXFileReference; lastKnownFileType = file.storyboard; name = Base; path = Base.lproj/LaunchScreen.storyboard; sourceTree = "<group>"; };
		06BE2BFE2A0C4C570003C875 /* Info.plist */ = {isa = PBXFileReference; lastKnownFileType = text.plist.xml; path = Info.plist; sourceTree = "<group>"; };
		06BE2C052A0C4DB10003C875 /* Exo-Medium.ttf */ = {isa = PBXFileReference; lastKnownFileType = file; path = "Exo-Medium.ttf"; sourceTree = "<group>"; };
		06BE2C072A0C4DC30003C875 /* Exo-SemiBold.ttf */ = {isa = PBXFileReference; lastKnownFileType = file; path = "Exo-SemiBold.ttf"; sourceTree = "<group>"; };
		06BE2C092A0C4DD10003C875 /* Exo-Bold.ttf */ = {isa = PBXFileReference; lastKnownFileType = file; path = "Exo-Bold.ttf"; sourceTree = "<group>"; };
		06BE2C0E2A0C52CD0003C875 /* Constants.swift */ = {isa = PBXFileReference; lastKnownFileType = sourcecode.swift; path = Constants.swift; sourceTree = "<group>"; };
		06BE2C102A0C55310003C875 /* Extension + UIView.swift */ = {isa = PBXFileReference; lastKnownFileType = sourcecode.swift; path = "Extension + UIView.swift"; sourceTree = "<group>"; };
/* End PBXFileReference section */

/* Begin PBXFrameworksBuildPhase section */
		06BE2BEA2A0C4C550003C875 /* Frameworks */ = {
			isa = PBXFrameworksBuildPhase;
			buildActionMask = 2147483647;
			files = (
				06BE2C0D2A0C4EAD0003C875 /* SnapKit in Frameworks */,
			);
			runOnlyForDeploymentPostprocessing = 0;
		};
/* End PBXFrameworksBuildPhase section */

/* Begin PBXGroup section */
		06BE2BE42A0C4C550003C875 = {
			isa = PBXGroup;
			children = (
				06BE2BEF2A0C4C550003C875 /* BetMate */,
				06BE2BEE2A0C4C550003C875 /* Products */,
			);
			sourceTree = "<group>";
		};
		06BE2BEE2A0C4C550003C875 /* Products */ = {
			isa = PBXGroup;
			children = (
				06BE2BED2A0C4C550003C875 /* BetMate.app */,
			);
			name = Products;
			sourceTree = "<group>";
		};
		06BE2BEF2A0C4C550003C875 /* BetMate */ = {
			isa = PBXGroup;
			children = (
				06BE2C042A0C4CB60003C875 /* Fonts */,
				06BE2BF02A0C4C550003C875 /* AppDelegate.swift */,
				06BE2BF22A0C4C550003C875 /* SceneDelegate.swift */,
				06BE2BF42A0C4C550003C875 /* OnboardingViewController.swift */,
				06BE2BF92A0C4C570003C875 /* Assets.xcassets */,
				06BE2BFB2A0C4C570003C875 /* LaunchScreen.storyboard */,
				06BE2BFE2A0C4C570003C875 /* Info.plist */,
				06BE2C0E2A0C52CD0003C875 /* Constants.swift */,
				06BE2C102A0C55310003C875 /* Extension + UIView.swift */,
			);
			path = BetMate;
			sourceTree = "<group>";
		};
		06BE2C042A0C4CB60003C875 /* Fonts */ = {
			isa = PBXGroup;
			children = (
				06BE2C092A0C4DD10003C875 /* Exo-Bold.ttf */,
				06BE2C072A0C4DC30003C875 /* Exo-SemiBold.ttf */,
				06BE2C052A0C4DB10003C875 /* Exo-Medium.ttf */,
			);
			path = Fonts;
			sourceTree = "<group>";
		};
/* End PBXGroup section */

/* Begin PBXNativeTarget section */
		06BE2BEC2A0C4C550003C875 /* BetMate */ = {
			isa = PBXNativeTarget;
			buildConfigurationList = 06BE2C012A0C4C570003C875 /* Build configuration list for PBXNativeTarget "BetMate" */;
			buildPhases = (
				06BE2BE92A0C4C550003C875 /* Sources */,
				06BE2BEA2A0C4C550003C875 /* Frameworks */,
				06BE2BEB2A0C4C550003C875 /* Resources */,
			);
			buildRules = (
			);
			dependencies = (
			);
			name = BetMate;
			packageProductDependencies = (
				06BE2C0C2A0C4EAD0003C875 /* SnapKit */,
			);
			productName = BetMate;
			productReference = 06BE2BED2A0C4C550003C875 /* BetMate.app */;
			productType = "com.apple.product-type.application";
		};
/* End PBXNativeTarget section */

/* Begin PBXProject section */
		06BE2BE52A0C4C550003C875 /* Project object */ = {
			isa = PBXProject;
			attributes = {
				BuildIndependentTargetsInParallel = 1;
				LastSwiftUpdateCheck = 1430;
				LastUpgradeCheck = 1430;
				TargetAttributes = {
					06BE2BEC2A0C4C550003C875 = {
						CreatedOnToolsVersion = 14.3;
					};
				};
			};
			buildConfigurationList = 06BE2BE82A0C4C550003C875 /* Build configuration list for PBXProject "BetMate" */;
			compatibilityVersion = "Xcode 14.0";
			developmentRegion = en;
			hasScannedForEncodings = 0;
			knownRegions = (
				en,
				Base,
			);
			mainGroup = 06BE2BE42A0C4C550003C875;
			packageReferences = (
				06BE2C0B2A0C4EAD0003C875 /* XCRemoteSwiftPackageReference "SnapKit" */,
			);
			productRefGroup = 06BE2BEE2A0C4C550003C875 /* Products */;
			projectDirPath = "";
			projectRoot = "";
			targets = (
				06BE2BEC2A0C4C550003C875 /* BetMate */,
			);
		};
/* End PBXProject section */

/* Begin PBXResourcesBuildPhase section */
		06BE2BEB2A0C4C550003C875 /* Resources */ = {
			isa = PBXResourcesBuildPhase;
			buildActionMask = 2147483647;
			files = (
				06BE2C0A2A0C4DD10003C875 /* Exo-Bold.ttf in Resources */,
				06BE2C062A0C4DB10003C875 /* Exo-Medium.ttf in Resources */,
				06BE2BFD2A0C4C570003C875 /* LaunchScreen.storyboard in Resources */,
				06BE2BFA2A0C4C570003C875 /* Assets.xcassets in Resources */,
				06BE2C082A0C4DC30003C875 /* Exo-SemiBold.ttf in Resources */,
			);
			runOnlyForDeploymentPostprocessing = 0;
		};
/* End PBXResourcesBuildPhase section */

/* Begin PBXSourcesBuildPhase section */
		06BE2BE92A0C4C550003C875 /* Sources */ = {
			isa = PBXSourcesBuildPhase;
			buildActionMask = 2147483647;
			files = (
				06BE2BF52A0C4C550003C875 /* OnboardingViewController.swift in Sources */,
				06BE2C112A0C55310003C875 /* Extension + UIView.swift in Sources */,
				06BE2BF12A0C4C550003C875 /* AppDelegate.swift in Sources */,
				06BE2BF32A0C4C550003C875 /* SceneDelegate.swift in Sources */,
				06BE2C0F2A0C52CD0003C875 /* Constants.swift in Sources */,
			);
			runOnlyForDeploymentPostprocessing = 0;
		};
/* End PBXSourcesBuildPhase section */

/* Begin PBXVariantGroup section */
		06BE2BFB2A0C4C570003C875 /* LaunchScreen.storyboard */ = {
			isa = PBXVariantGroup;
			children = (
				06BE2BFC2A0C4C570003C875 /* Base */,
			);
			name = LaunchScreen.storyboard;
			sourceTree = "<group>";
		};
/* End PBXVariantGroup section */

/* Begin XCBuildConfiguration section */
		06BE2BFF2A0C4C570003C875 /* Debug */ = {
			isa = XCBuildConfiguration;
			buildSettings = {
				ALWAYS_SEARCH_USER_PATHS = NO;
				CLANG_ANALYZER_NONNULL = YES;
				CLANG_ANALYZER_NUMBER_OBJECT_CONVERSION = YES_AGGRESSIVE;
				CLANG_CXX_LANGUAGE_STANDARD = "gnu++20";
				CLANG_ENABLE_MODULES = YES;
				CLANG_ENABLE_OBJC_ARC = YES;
				CLANG_ENABLE_OBJC_WEAK = YES;
				CLANG_WARN_BLOCK_CAPTURE_AUTORELEASING = YES;
				CLANG_WARN_BOOL_CONVERSION = YES;
				CLANG_WARN_COMMA = YES;
				CLANG_WARN_CONSTANT_CONVERSION = YES;
				CLANG_WARN_DEPRECATED_OBJC_IMPLEMENTATIONS = YES;
				CLANG_WARN_DIRECT_OBJC_ISA_USAGE = YES_ERROR;
				CLANG_WARN_DOCUMENTATION_COMMENTS = YES;
				CLANG_WARN_EMPTY_BODY = YES;
				CLANG_WARN_ENUM_CONVERSION = YES;
				CLANG_WARN_INFINITE_RECURSION = YES;
				CLANG_WARN_INT_CONVERSION = YES;
				CLANG_WARN_NON_LITERAL_NULL_CONVERSION = YES;
				CLANG_WARN_OBJC_IMPLICIT_RETAIN_SELF = YES;
				CLANG_WARN_OBJC_LITERAL_CONVERSION = YES;
				CLANG_WARN_OBJC_ROOT_CLASS = YES_ERROR;
				CLANG_WARN_QUOTED_INCLUDE_IN_FRAMEWORK_HEADER = YES;
				CLANG_WARN_RANGE_LOOP_ANALYSIS = YES;
				CLANG_WARN_STRICT_PROTOTYPES = YES;
				CLANG_WARN_SUSPICIOUS_MOVE = YES;
				CLANG_WARN_UNGUARDED_AVAILABILITY = YES_AGGRESSIVE;
				CLANG_WARN_UNREACHABLE_CODE = YES;
				CLANG_WARN__DUPLICATE_METHOD_MATCH = YES;
				COPY_PHASE_STRIP = NO;
				DEBUG_INFORMATION_FORMAT = dwarf;
				ENABLE_STRICT_OBJC_MSGSEND = YES;
				ENABLE_TESTABILITY = YES;
				GCC_C_LANGUAGE_STANDARD = gnu11;
				GCC_DYNAMIC_NO_PIC = NO;
				GCC_NO_COMMON_BLOCKS = YES;
				GCC_OPTIMIZATION_LEVEL = 0;
				GCC_PREPROCESSOR_DEFINITIONS = (
					"DEBUG=1",
					"$(inherited)",
				);
				GCC_WARN_64_TO_32_BIT_CONVERSION = YES;
				GCC_WARN_ABOUT_RETURN_TYPE = YES_ERROR;
				GCC_WARN_UNDECLARED_SELECTOR = YES;
				GCC_WARN_UNINITIALIZED_AUTOS = YES_AGGRESSIVE;
				GCC_WARN_UNUSED_FUNCTION = YES;
				GCC_WARN_UNUSED_VARIABLE = YES;
				IPHONEOS_DEPLOYMENT_TARGET = 16.4;
				MTL_ENABLE_DEBUG_INFO = INCLUDE_SOURCE;
				MTL_FAST_MATH = YES;
				ONLY_ACTIVE_ARCH = YES;
				SDKROOT = iphoneos;
				SWIFT_ACTIVE_COMPILATION_CONDITIONS = DEBUG;
				SWIFT_OPTIMIZATION_LEVEL = "-Onone";
			};
			name = Debug;
		};
		06BE2C002A0C4C570003C875 /* Release */ = {
			isa = XCBuildConfiguration;
			buildSettings = {
				ALWAYS_SEARCH_USER_PATHS = NO;
				CLANG_ANALYZER_NONNULL = YES;
				CLANG_ANALYZER_NUMBER_OBJECT_CONVERSION = YES_AGGRESSIVE;
				CLANG_CXX_LANGUAGE_STANDARD = "gnu++20";
				CLANG_ENABLE_MODULES = YES;
				CLANG_ENABLE_OBJC_ARC = YES;
				CLANG_ENABLE_OBJC_WEAK = YES;
				CLANG_WARN_BLOCK_CAPTURE_AUTORELEASING = YES;
				CLANG_WARN_BOOL_CONVERSION = YES;
				CLANG_WARN_COMMA = YES;
				CLANG_WARN_CONSTANT_CONVERSION = YES;
				CLANG_WARN_DEPRECATED_OBJC_IMPLEMENTATIONS = YES;
				CLANG_WARN_DIRECT_OBJC_ISA_USAGE = YES_ERROR;
				CLANG_WARN_DOCUMENTATION_COMMENTS = YES;
				CLANG_WARN_EMPTY_BODY = YES;
				CLANG_WARN_ENUM_CONVERSION = YES;
				CLANG_WARN_INFINITE_RECURSION = YES;
				CLANG_WARN_INT_CONVERSION = YES;
				CLANG_WARN_NON_LITERAL_NULL_CONVERSION = YES;
				CLANG_WARN_OBJC_IMPLICIT_RETAIN_SELF = YES;
				CLANG_WARN_OBJC_LITERAL_CONVERSION = YES;
				CLANG_WARN_OBJC_ROOT_CLASS = YES_ERROR;
				CLANG_WARN_QUOTED_INCLUDE_IN_FRAMEWORK_HEADER = YES;
				CLANG_WARN_RANGE_LOOP_ANALYSIS = YES;
				CLANG_WARN_STRICT_PROTOTYPES = YES;
				CLANG_WARN_SUSPICIOUS_MOVE = YES;
				CLANG_WARN_UNGUARDED_AVAILABILITY = YES_AGGRESSIVE;
				CLANG_WARN_UNREACHABLE_CODE = YES;
				CLANG_WARN__DUPLICATE_METHOD_MATCH = YES;
				COPY_PHASE_STRIP = NO;
				DEBUG_INFORMATION_FORMAT = "dwarf-with-dsym";
				ENABLE_NS_ASSERTIONS = NO;
				ENABLE_STRICT_OBJC_MSGSEND = YES;
				GCC_C_LANGUAGE_STANDARD = gnu11;
				GCC_NO_COMMON_BLOCKS = YES;
				GCC_WARN_64_TO_32_BIT_CONVERSION = YES;
				GCC_WARN_ABOUT_RETURN_TYPE = YES_ERROR;
				GCC_WARN_UNDECLARED_SELECTOR = YES;
				GCC_WARN_UNINITIALIZED_AUTOS = YES_AGGRESSIVE;
				GCC_WARN_UNUSED_FUNCTION = YES;
				GCC_WARN_UNUSED_VARIABLE = YES;
				IPHONEOS_DEPLOYMENT_TARGET = 16.4;
				MTL_ENABLE_DEBUG_INFO = NO;
				MTL_FAST_MATH = YES;
				SDKROOT = iphoneos;
				SWIFT_COMPILATION_MODE = wholemodule;
				SWIFT_OPTIMIZATION_LEVEL = "-O";
				VALIDATE_PRODUCT = YES;
			};
			name = Release;
		};
		06BE2C022A0C4C570003C875 /* Debug */ = {
			isa = XCBuildConfiguration;
			buildSettings = {
				ASSETCATALOG_COMPILER_APPICON_NAME = AppIcon;
				ASSETCATALOG_COMPILER_GLOBAL_ACCENT_COLOR_NAME = AccentColor;
				CODE_SIGN_STYLE = Automatic;
				CURRENT_PROJECT_VERSION = 1;
				DEVELOPMENT_TEAM = MD9SFH54JC;
				GENERATE_INFOPLIST_FILE = YES;
				INFOPLIST_FILE = BetMate/Info.plist;
				INFOPLIST_KEY_UIApplicationSupportsIndirectInputEvents = YES;
				INFOPLIST_KEY_UILaunchStoryboardName = LaunchScreen;
				INFOPLIST_KEY_UISupportedInterfaceOrientations_iPad = "UIInterfaceOrientationPortrait UIInterfaceOrientationPortraitUpsideDown UIInterfaceOrientationLandscapeLeft UIInterfaceOrientationLandscapeRight";
				INFOPLIST_KEY_UISupportedInterfaceOrientations_iPhone = "UIInterfaceOrientationPortrait UIInterfaceOrientationLandscapeLeft UIInterfaceOrientationLandscapeRight";
				LD_RUNPATH_SEARCH_PATHS = (
					"$(inherited)",
					"@executable_path/Frameworks",
				);
				MARKETING_VERSION = 1.0;
				PRODUCT_BUNDLE_IDENTIFIER = e.docenko.BetMate;
				PRODUCT_NAME = "$(TARGET_NAME)";
				SWIFT_EMIT_LOC_STRINGS = YES;
				SWIFT_VERSION = 5.0;
				TARGETED_DEVICE_FAMILY = "1,2";
			};
			name = Debug;
		};
		06BE2C032A0C4C570003C875 /* Release */ = {
			isa = XCBuildConfiguration;
			buildSettings = {
				ASSETCATALOG_COMPILER_APPICON_NAME = AppIcon;
				ASSETCATALOG_COMPILER_GLOBAL_ACCENT_COLOR_NAME = AccentColor;
				CODE_SIGN_STYLE = Automatic;
				CURRENT_PROJECT_VERSION = 1;
				DEVELOPMENT_TEAM = MD9SFH54JC;
				GENERATE_INFOPLIST_FILE = YES;
				INFOPLIST_FILE = BetMate/Info.plist;
				INFOPLIST_KEY_UIApplicationSupportsIndirectInputEvents = YES;
				INFOPLIST_KEY_UILaunchStoryboardName = LaunchScreen;
				INFOPLIST_KEY_UISupportedInterfaceOrientations_iPad = "UIInterfaceOrientationPortrait UIInterfaceOrientationPortraitUpsideDown UIInterfaceOrientationLandscapeLeft UIInterfaceOrientationLandscapeRight";
				INFOPLIST_KEY_UISupportedInterfaceOrientations_iPhone = "UIInterfaceOrientationPortrait UIInterfaceOrientationLandscapeLeft UIInterfaceOrientationLandscapeRight";
				LD_RUNPATH_SEARCH_PATHS = (
					"$(inherited)",
					"@executable_path/Frameworks",
				);
				MARKETING_VERSION = 1.0;
				PRODUCT_BUNDLE_IDENTIFIER = e.docenko.BetMate;
				PRODUCT_NAME = "$(TARGET_NAME)";
				SWIFT_EMIT_LOC_STRINGS = YES;
				SWIFT_VERSION = 5.0;
				TARGETED_DEVICE_FAMILY = "1,2";
			};
			name = Release;
		};
/* End XCBuildConfiguration section */

/* Begin XCConfigurationList section */
		06BE2BE82A0C4C550003C875 /* Build configuration list for PBXProject "BetMate" */ = {
			isa = XCConfigurationList;
			buildConfigurations = (
				06BE2BFF2A0C4C570003C875 /* Debug */,
				06BE2C002A0C4C570003C875 /* Release */,
			);
			defaultConfigurationIsVisible = 0;
			defaultConfigurationName = Release;
		};
		06BE2C012A0C4C570003C875 /* Build configuration list for PBXNativeTarget "BetMate" */ = {
			isa = XCConfigurationList;
			buildConfigurations = (
				06BE2C022A0C4C570003C875 /* Debug */,
				06BE2C032A0C4C570003C875 /* Release */,
			);
			defaultConfigurationIsVisible = 0;
			defaultConfigurationName = Release;
		};
/* End XCConfigurationList section */

/* Begin XCRemoteSwiftPackageReference section */
		06BE2C0B2A0C4EAD0003C875 /* XCRemoteSwiftPackageReference "SnapKit" */ = {
			isa = XCRemoteSwiftPackageReference;
			repositoryURL = "https://github.com/SnapKit/SnapKit";
			requirement = {
				kind = upToNextMajorVersion;
				minimumVersion = 5.0.0;
			};
		};
/* End XCRemoteSwiftPackageReference section */

/* Begin XCSwiftPackageProductDependency section */
		06BE2C0C2A0C4EAD0003C875 /* SnapKit */ = {
			isa = XCSwiftPackageProductDependency;
			package = 06BE2C0B2A0C4EAD0003C875 /* XCRemoteSwiftPackageReference "SnapKit" */;
			productName = SnapKit;
		};
/* End XCSwiftPackageProductDependency section */
	};
	rootObject = 06BE2BE52A0C4C550003C875 /* Project object */;
}
